// !$*UTF8*$!
{
	archiveVersion = 1;
	classes = {
	};
	objectVersion = 46;
	objects = {

/* Begin PBXBuildFile section */
		9A10C6881CDAAB3000D474F1 /* CLPausableTimer.m in Sources */ = {isa = PBXBuildFile; fileRef = 9A10C6871CDAAB3000D474F1 /* CLPausableTimer.m */; };
		9A10C68F1CDAC8B500D474F1 /* CLPanelTextField.m in Sources */ = {isa = PBXBuildFile; fileRef = 9A10C68E1CDAC8B500D474F1 /* CLPanelTextField.m */; };
		9A13BAC61CA86A88007C6CBE /* CLAboutUsView.xib in Resources */ = {isa = PBXBuildFile; fileRef = 9A13BAC81CA86A88007C6CBE /* CLAboutUsView.xib */; };
		9A13BACA1CA877A6007C6CBE /* CLPreferencesView.xib in Resources */ = {isa = PBXBuildFile; fileRef = 9A13BACC1CA877A6007C6CBE /* CLPreferencesView.xib */; };
		9A13BACE1CA879E5007C6CBE /* CLAppearanceView.xib in Resources */ = {isa = PBXBuildFile; fileRef = 9A13BAD01CA879E5007C6CBE /* CLAppearanceView.xib */; };
		9A13BAD21CA87DF4007C6CBE /* CLOnboardingWindow.xib in Resources */ = {isa = PBXBuildFile; fileRef = 9A13BAD41CA87DF4007C6CBE /* CLOnboardingWindow.xib */; };
		9A13BAD61CA87F08007C6CBE /* Panel.xib in Resources */ = {isa = PBXBuildFile; fileRef = 9A13BAD81CA87F08007C6CBE /* Panel.xib */; };
		9A13BADA1CA87F3F007C6CBE /* CLOneWindow.xib in Resources */ = {isa = PBXBuildFile; fileRef = 9A13BADC1CA87F3F007C6CBE /* CLOneWindow.xib */; };
		9A13BAE01CA882FA007C6CBE /* InfoPlist.strings in Resources */ = {isa = PBXBuildFile; fileRef = 9A13BAE21CA882FA007C6CBE /* InfoPlist.strings */; };
		9A13BAE61CA889BB007C6CBE /* CLAppFeedbackWindow.xib in Resources */ = {isa = PBXBuildFile; fileRef = 9A13BAE81CA889BB007C6CBE /* CLAppFeedbackWindow.xib */; };
		9A13BAEA1CA88A76007C6CBE /* Localizable.strings in Resources */ = {isa = PBXBuildFile; fileRef = 9A13BAEC1CA88A76007C6CBE /* Localizable.strings */; };
		9A20A04B1C4DEED200FB45AB /* IOKit.framework in Frameworks */ = {isa = PBXBuildFile; fileRef = 9A20A04A1C4DEED200FB45AB /* IOKit.framework */; };
		9A20A0701C4E804D00FB45AB /* ServiceManagement.framework in Frameworks */ = {isa = PBXBuildFile; fileRef = 9A20A06F1C4E804D00FB45AB /* ServiceManagement.framework */; };
		9A20A0721C4E80A800FB45AB /* Clocker-Helper.app in CopyFiles */ = {isa = PBXBuildFile; fileRef = 9A20A06E1C4E801600FB45AB /* Clocker-Helper.app */; settings = {ATTRIBUTES = (RemoveHeadersOnCopy, ); }; };
		9A20A0781C4EA53600FB45AB /* CLOnboardingWindowController.m in Sources */ = {isa = PBXBuildFile; fileRef = 9A20A0761C4EA53600FB45AB /* CLOnboardingWindowController.m */; };
		9A20A07E1C4EAAEB00FB45AB /* CLIntroViewController.m in Sources */ = {isa = PBXBuildFile; fileRef = 9A20A07C1C4EAAEB00FB45AB /* CLIntroViewController.m */; };
		9A20A07F1C4EAAEB00FB45AB /* CLIntroView.xib in Resources */ = {isa = PBXBuildFile; fileRef = 9A20A07D1C4EAAEB00FB45AB /* CLIntroView.xib */; };
		9A25F7471C1A5E17007D369B /* iRate.m in Sources */ = {isa = PBXBuildFile; fileRef = 9A25F7441C1A5E17007D369B /* iRate.m */; };
		9A3247321C25FD3A00CF6B6E /* CLCustomSliderCell.m in Sources */ = {isa = PBXBuildFile; fileRef = 9A3247311C25FD3A00CF6B6E /* CLCustomSliderCell.m */; };
		9A3247391C263F4F00CF6B6E /* CLAppearanceViewController.m in Sources */ = {isa = PBXBuildFile; fileRef = 9A3247371C263F4F00CF6B6E /* CLAppearanceViewController.m */; };
		9A392EE81C1CDD530072C10A /* CLAboutUsViewController.m in Sources */ = {isa = PBXBuildFile; fileRef = 9A392EE61C1CDD530072C10A /* CLAboutUsViewController.m */; };
		9A392EED1C1CE9950072C10A /* CLPreferencesViewController.m in Sources */ = {isa = PBXBuildFile; fileRef = 9A392EEB1C1CE9950072C10A /* CLPreferencesViewController.m */; };
		9A42394F1CB0616400A8E51A /* CLFloatingWindowController.m in Sources */ = {isa = PBXBuildFile; fileRef = 9A42394D1CB0616400A8E51A /* CLFloatingWindowController.m */; };
		9A4379251BEC223900F4E27F /* Security.framework in Frameworks */ = {isa = PBXBuildFile; fileRef = 9A4379211BEC223900F4E27F /* Security.framework */; };
		9A4379271BEC223900F4E27F /* Fabric.framework in Frameworks */ = {isa = PBXBuildFile; fileRef = 9A4379231BEC223900F4E27F /* Fabric.framework */; };
		9A43792A1BEC230A00F4E27F /* libc++.tbd in Frameworks */ = {isa = PBXBuildFile; fileRef = 9A4379291BEC230A00F4E27F /* libc++.tbd */; };
		9A43792C1BEC231100F4E27F /* libz.tbd in Frameworks */ = {isa = PBXBuildFile; fileRef = 9A43792B1BEC231100F4E27F /* libz.tbd */; };
		9A56DB801C1CFB73004CE6AF /* MainMenu.xib in Resources */ = {isa = PBXBuildFile; fileRef = 9A56DB7D1C1CFB73004CE6AF /* MainMenu.xib */; };
		9A5951BA1C1D0A22009C17AA /* Crashlytics.framework in Frameworks */ = {isa = PBXBuildFile; fileRef = 9A5951B91C1D0A22009C17AA /* Crashlytics.framework */; };
		9A5951BD1C1D0A8D009C17AA /* CommonStrings.m in Sources */ = {isa = PBXBuildFile; fileRef = 9A5951BB1C1D0A8D009C17AA /* CommonStrings.m */; };
		9A5951C01C1D0AA0009C17AA /* CLOneWindowController.m in Sources */ = {isa = PBXBuildFile; fileRef = 9A5951BE1C1D0AA0009C17AA /* CLOneWindowController.m */; };
		9A5951F51C1D3D81009C17AA /* CLTimezoneCellView.m in Sources */ = {isa = PBXBuildFile; fileRef = 9A5951F41C1D3D81009C17AA /* CLTimezoneCellView.m */; };
		9A5951FA1C1D5214009C17AA /* iVersion.m in Sources */ = {isa = PBXBuildFile; fileRef = 9A5951F91C1D5214009C17AA /* iVersion.m */; };
		9A5951FD1C1D592D009C17AA /* iVersion.bundle in Resources */ = {isa = PBXBuildFile; fileRef = 9A5951FC1C1D592D009C17AA /* iVersion.bundle */; };
		9A5E6BA01CAF71C1006E7C5C /* libicucore.tbd in Frameworks */ = {isa = PBXBuildFile; fileRef = 9A5E6B9F1CAF71C1006E7C5C /* libicucore.tbd */; };
		9A5E6BAB1CAF8DFA006E7C5C /* iRate.bundle in Resources */ = {isa = PBXBuildFile; fileRef = 9A5E6BAA1CAF8DFA006E7C5C /* iRate.bundle */; };
		9A63620A1C432F68004AD010 /* CLAPI.m in Sources */ = {isa = PBXBuildFile; fileRef = 9A6362091C432F68004AD010 /* CLAPI.m */; };
		9A6D93371CF3E82F005A8690 /* CoreImage.framework in Frameworks */ = {isa = PBXBuildFile; fileRef = 9A6D93361CF3E82F005A8690 /* CoreImage.framework */; settings = {ATTRIBUTES = (Weak, ); }; };
		9A79E9901CB34B6800BA7916 /* CLParentPanelController.m in Sources */ = {isa = PBXBuildFile; fileRef = 9A79E98F1CB34B6800BA7916 /* CLParentPanelController.m */; };
		9A82F3441CDFF8F600CC8906 /* pop.framework in Frameworks */ = {isa = PBXBuildFile; fileRef = 9A82F33B1CDFF8CF00CC8906 /* pop.framework */; };
		9A8605AE1BEC148400A810A4 /* main.m in Sources */ = {isa = PBXBuildFile; fileRef = 9A8605AD1BEC148400A810A4 /* main.m */; };
		9A8605B61BEC14BE00A810A4 /* MenubarController.m in Sources */ = {isa = PBXBuildFile; fileRef = 9A8605B41BEC14BE00A810A4 /* MenubarController.m */; };
		9A8605B71BEC14BE00A810A4 /* ApplicationDelegate.m in Sources */ = {isa = PBXBuildFile; fileRef = 9A8605B51BEC14BE00A810A4 /* ApplicationDelegate.m */; };
		9A8605BA1BEC14DC00A810A4 /* StatusItemView.m in Sources */ = {isa = PBXBuildFile; fileRef = 9A8605B81BEC14DC00A810A4 /* StatusItemView.m */; };
		9A8605BB1BEC14DC00A810A4 /* PanelController.m in Sources */ = {isa = PBXBuildFile; fileRef = 9A8605B91BEC14DC00A810A4 /* PanelController.m */; };
		9A8605BF1BEC14F600A810A4 /* BackgroundView.m in Sources */ = {isa = PBXBuildFile; fileRef = 9A8605BC1BEC14F600A810A4 /* BackgroundView.m */; };
		9A8605C01BEC14F600A810A4 /* Panel.m in Sources */ = {isa = PBXBuildFile; fileRef = 9A8605BD1BEC14F600A810A4 /* Panel.m */; };
		9A86E2B41CE0351C00547EE7 /* EDSunriseSet.m in Sources */ = {isa = PBXBuildFile; fileRef = 9A86E2B31CE0351C00547EE7 /* EDSunriseSet.m */; };
		9A86E2C11CE04F4300547EE7 /* ShortcutRecorder.framework in Frameworks */ = {isa = PBXBuildFile; fileRef = 9A86E2BC1CE04F1600547EE7 /* ShortcutRecorder.framework */; };
		9A86E2C21CE04F4A00547EE7 /* PTHotKey.framework in Frameworks */ = {isa = PBXBuildFile; fileRef = 9A86E2BE1CE04F1600547EE7 /* PTHotKey.framework */; };
		9A86E2C41CE04F7B00547EE7 /* ShortcutRecorder.framework in CopyFiles */ = {isa = PBXBuildFile; fileRef = 9A86E2BC1CE04F1600547EE7 /* ShortcutRecorder.framework */; settings = {ATTRIBUTES = (CodeSignOnCopy, RemoveHeadersOnCopy, ); }; };
		9A86E2C51CE04F7B00547EE7 /* PTHotKey.framework in CopyFiles */ = {isa = PBXBuildFile; fileRef = 9A86E2BE1CE04F1600547EE7 /* PTHotKey.framework */; settings = {ATTRIBUTES = (CodeSignOnCopy, RemoveHeadersOnCopy, ); }; };
		9A87DAC41C358FA800A8CF3B /* DateTools.bundle in Resources */ = {isa = PBXBuildFile; fileRef = 9A87DAB41C358FA800A8CF3B /* DateTools.bundle */; };
		9A87DAC51C358FA800A8CF3B /* DTConstants.m in Sources */ = {isa = PBXBuildFile; fileRef = 9A87DAB71C358FA800A8CF3B /* DTConstants.m */; };
		9A87DAC61C358FA800A8CF3B /* DTError.m in Sources */ = {isa = PBXBuildFile; fileRef = 9A87DAB91C358FA800A8CF3B /* DTError.m */; };
		9A87DAC71C358FA800A8CF3B /* DTTimePeriod.m in Sources */ = {isa = PBXBuildFile; fileRef = 9A87DABB1C358FA800A8CF3B /* DTTimePeriod.m */; };
		9A87DAC81C358FA800A8CF3B /* DTTimePeriodChain.m in Sources */ = {isa = PBXBuildFile; fileRef = 9A87DABD1C358FA800A8CF3B /* DTTimePeriodChain.m */; };
		9A87DAC91C358FA800A8CF3B /* DTTimePeriodCollection.m in Sources */ = {isa = PBXBuildFile; fileRef = 9A87DABF1C358FA800A8CF3B /* DTTimePeriodCollection.m */; };
		9A87DACA1C358FA800A8CF3B /* DTTimePeriodGroup.m in Sources */ = {isa = PBXBuildFile; fileRef = 9A87DAC11C358FA800A8CF3B /* DTTimePeriodGroup.m */; };
		9A87DACB1C358FA800A8CF3B /* NSDate+DateTools.m in Sources */ = {isa = PBXBuildFile; fileRef = 9A87DAC31C358FA800A8CF3B /* NSDate+DateTools.m */; };
		9A9E63861C2C673E009A299B /* CLAppFeedbackWindowController.m in Sources */ = {isa = PBXBuildFile; fileRef = 9A9E63841C2C673E009A299B /* CLAppFeedbackWindowController.m */; };
		9A9E87621C1FEDB500A7A2DF /* CFNetwork.framework in Frameworks */ = {isa = PBXBuildFile; fileRef = 9A9E87611C1FEDB500A7A2DF /* CFNetwork.framework */; };
		9A9E87681C1FEDD300A7A2DF /* Security.framework in Frameworks */ = {isa = PBXBuildFile; fileRef = 9A9E87671C1FEDD300A7A2DF /* Security.framework */; };
		9A9E876A1C1FEDDB00A7A2DF /* SystemConfiguration.framework in Frameworks */ = {isa = PBXBuildFile; fileRef = 9A9E87691C1FEDDB00A7A2DF /* SystemConfiguration.framework */; };
		9A9E876C1C1FEDE700A7A2DF /* libsqlite3.tbd in Frameworks */ = {isa = PBXBuildFile; fileRef = 9A9E876B1C1FEDE700A7A2DF /* libsqlite3.tbd */; };
		9AA4AC8C1CEC0FA60054ACB7 /* FloatingView.m in Sources */ = {isa = PBXBuildFile; fileRef = 9AA4AC871CEC0FA60054ACB7 /* FloatingView.m */; };
		9AA4AC8D1CEC0FA60054ACB7 /* CLShortcutAnimatedView.m in Sources */ = {isa = PBXBuildFile; fileRef = 9AA4AC891CEC0FA60054ACB7 /* CLShortcutAnimatedView.m */; };
		9AA4AC8E1CEC0FA60054ACB7 /* CLFavouriteAnimatedView.m in Sources */ = {isa = PBXBuildFile; fileRef = 9AA4AC8B1CEC0FA60054ACB7 /* CLFavouriteAnimatedView.m */; };
		9AA4AC911CEC112E0054ACB7 /* QCMethod.m in Sources */ = {isa = PBXBuildFile; fileRef = 9AA4AC901CEC112E0054ACB7 /* QCMethod.m */; };
		9AB2420B1CB723650017C17C /* CLFloatingWindow.xib in Resources */ = {isa = PBXBuildFile; fileRef = 9AB2420D1CB723650017C17C /* CLFloatingWindow.xib */; };
		9AB89E031CE97A4900EC8EB1 /* Media.xcassets in Resources */ = {isa = PBXBuildFile; fileRef = 9AB89E021CE97A4900EC8EB1 /* Media.xcassets */; };
		9AB9357B1C1AD8F7001285A0 /* CLRatingCellView.m in Sources */ = {isa = PBXBuildFile; fileRef = 9AB9357A1C1AD8F7001285A0 /* CLRatingCellView.m */; };
		9ABA2B031C671D49009DC0EF /* CLMainWindowController.m in Sources */ = {isa = PBXBuildFile; fileRef = 9ABA2B021C671D49009DC0EF /* CLMainWindowController.m */; };
		9ABF58721C29A80600BD0187 /* CLTimezoneData.m in Sources */ = {isa = PBXBuildFile; fileRef = 9ABF58711C29A80600BD0187 /* CLTimezoneData.m */; };
		9ABFB3801CA6882000E10745 /* ApplicationServices.framework in Frameworks */ = {isa = PBXBuildFile; fileRef = 9ABFB37F1CA6882000E10745 /* ApplicationServices.framework */; };
		9AC678E41C1ABAB9003B4F6B /* QuartzCore.framework in Frameworks */ = {isa = PBXBuildFile; fileRef = 9AC678E31C1ABAB9003B4F6B /* QuartzCore.framework */; settings = {ATTRIBUTES = (Weak, ); }; };
		9ACE03EF1CB0ADE00039FC01 /* Firebase.framework in Frameworks */ = {isa = PBXBuildFile; fileRef = 9ACE03EE1CB0ADE00039FC01 /* Firebase.framework */; };
		9AD6DE571CE114DA007A8401 /* CLScaleUpButton.m in Sources */ = {isa = PBXBuildFile; fileRef = 9AD6DE561CE114DA007A8401 /* CLScaleUpButton.m */; };
		9AF9A16B1C250AB300EE7C2A /* Reachability.m in Sources */ = {isa = PBXBuildFile; fileRef = 9AF9A16A1C250AB300EE7C2A /* Reachability.m */; };
		DD4F7C0913C30F9F00825C6E /* Cocoa.framework in Frameworks */ = {isa = PBXBuildFile; fileRef = DD4F7C0813C30F9F00825C6E /* Cocoa.framework */; };
/* End PBXBuildFile section */

/* Begin PBXContainerItemProxy section */
		9A20A06D1C4E801600FB45AB /* PBXContainerItemProxy */ = {
			isa = PBXContainerItemProxy;
			containerPortal = 9A20A0691C4E801500FB45AB /* Clocker-Helper.xcodeproj */;
			proxyType = 2;
			remoteGlobalIDString = 9A20A0551C4E801500FB45AB;
			remoteInfo = "Clocker-Helper";
		};
		9A82F3361CDFF8CF00CC8906 /* PBXContainerItemProxy */ = {
			isa = PBXContainerItemProxy;
			containerPortal = 9A82F32B1CDFF8CE00CC8906 /* pop.xcodeproj */;
			proxyType = 2;
			remoteGlobalIDString = EC191218162FB53A00E0CC76;
			remoteInfo = "pop-ios-static";
		};
		9A82F3381CDFF8CF00CC8906 /* PBXContainerItemProxy */ = {
			isa = PBXContainerItemProxy;
			containerPortal = 9A82F32B1CDFF8CE00CC8906 /* pop.xcodeproj */;
			proxyType = 2;
			remoteGlobalIDString = 0B6BE74819FFD3B900762101;
			remoteInfo = "pop-ios-framework";
		};
		9A82F33A1CDFF8CF00CC8906 /* PBXContainerItemProxy */ = {
			isa = PBXContainerItemProxy;
			containerPortal = 9A82F32B1CDFF8CE00CC8906 /* pop.xcodeproj */;
			proxyType = 2;
			remoteGlobalIDString = EC68857F18C7B60000C6194C;
			remoteInfo = "pop-osx-framework";
		};
		9A82F33C1CDFF8CF00CC8906 /* PBXContainerItemProxy */ = {
			isa = PBXContainerItemProxy;
			containerPortal = 9A82F32B1CDFF8CE00CC8906 /* pop.xcodeproj */;
			proxyType = 2;
			remoteGlobalIDString = 0755AE4F1BEA15950094AB41;
			remoteInfo = "pop-tvos-framework";
		};
		9A82F33E1CDFF8CF00CC8906 /* PBXContainerItemProxy */ = {
			isa = PBXContainerItemProxy;
			containerPortal = 9A82F32B1CDFF8CE00CC8906 /* pop.xcodeproj */;
			proxyType = 2;
			remoteGlobalIDString = ECF01ED318C92B7F009E0AD1;
			remoteInfo = "pop-tests-ios";
		};
		9A82F3401CDFF8CF00CC8906 /* PBXContainerItemProxy */ = {
			isa = PBXContainerItemProxy;
			containerPortal = 9A82F32B1CDFF8CE00CC8906 /* pop.xcodeproj */;
			proxyType = 2;
			remoteGlobalIDString = EC7E319918C93D6500B38170;
			remoteInfo = "pop-tests-osx";
		};
		9A82F3421CDFF8CF00CC8906 /* PBXContainerItemProxy */ = {
			isa = PBXContainerItemProxy;
			containerPortal = 9A82F32B1CDFF8CE00CC8906 /* pop.xcodeproj */;
			proxyType = 2;
			remoteGlobalIDString = 0755AE8C1BEA19580094AB41;
			remoteInfo = "pop-tests-tvos";
		};
		9A86E2BB1CE04F1600547EE7 /* PBXContainerItemProxy */ = {
			isa = PBXContainerItemProxy;
			containerPortal = 9A86E2B51CE04F1600547EE7 /* ShortcutRecorder.xcodeproj */;
			proxyType = 2;
			remoteGlobalIDString = 939837800DA42965007F53F3;
			remoteInfo = ShortcutRecorder.framework;
		};
		9A86E2BD1CE04F1600547EE7 /* PBXContainerItemProxy */ = {
			isa = PBXContainerItemProxy;
			containerPortal = 9A86E2B51CE04F1600547EE7 /* ShortcutRecorder.xcodeproj */;
			proxyType = 2;
			remoteGlobalIDString = E273122E1349EC9000A84433;
			remoteInfo = PTHotKey.framework;
		};
		9A86E2BF1CE04F1600547EE7 /* PBXContainerItemProxy */ = {
			isa = PBXContainerItemProxy;
			containerPortal = 9A86E2B51CE04F1600547EE7 /* ShortcutRecorder.xcodeproj */;
			proxyType = 2;
			remoteGlobalIDString = 0D6B2468180304DE00CE1142;
			remoteInfo = Demo;
		};
/* End PBXContainerItemProxy section */

/* Begin PBXCopyFilesBuildPhase section */
		9A20A0711C4E808500FB45AB /* CopyFiles */ = {
			isa = PBXCopyFilesBuildPhase;
			buildActionMask = 2147483647;
			dstPath = Contents/Library/LoginItems;
			dstSubfolderSpec = 1;
			files = (
				9A20A0721C4E80A800FB45AB /* Clocker-Helper.app in CopyFiles */,
			);
			runOnlyForDeploymentPostprocessing = 0;
		};
		9A86E2C31CE04F7100547EE7 /* CopyFiles */ = {
			isa = PBXCopyFilesBuildPhase;
			buildActionMask = 2147483647;
			dstPath = "";
			dstSubfolderSpec = 10;
			files = (
				9A86E2C41CE04F7B00547EE7 /* ShortcutRecorder.framework in CopyFiles */,
				9A86E2C51CE04F7B00547EE7 /* PTHotKey.framework in CopyFiles */,
			);
			runOnlyForDeploymentPostprocessing = 0;
		};
/* End PBXCopyFilesBuildPhase section */

/* Begin PBXFileReference section */
		9A10C6861CDAAB3000D474F1 /* CLPausableTimer.h */ = {isa = PBXFileReference; fileEncoding = 4; lastKnownFileType = sourcecode.c.h; name = CLPausableTimer.h; path = Clocker/CLPausableTimer.h; sourceTree = "<group>"; };
		9A10C6871CDAAB3000D474F1 /* CLPausableTimer.m */ = {isa = PBXFileReference; fileEncoding = 4; lastKnownFileType = sourcecode.c.objc; name = CLPausableTimer.m; path = Clocker/CLPausableTimer.m; sourceTree = "<group>"; };
		9A10C68D1CDAC8B500D474F1 /* CLPanelTextField.h */ = {isa = PBXFileReference; fileEncoding = 4; lastKnownFileType = sourcecode.c.h; name = CLPanelTextField.h; path = Clocker/CLPanelTextField.h; sourceTree = "<group>"; };
		9A10C68E1CDAC8B500D474F1 /* CLPanelTextField.m */ = {isa = PBXFileReference; fileEncoding = 4; lastKnownFileType = sourcecode.c.objc; name = CLPanelTextField.m; path = Clocker/CLPanelTextField.m; sourceTree = "<group>"; };
		9A13BAC71CA86A88007C6CBE /* en */ = {isa = PBXFileReference; lastKnownFileType = file.xib; name = en; path = en.lproj/CLAboutUsView.xib; sourceTree = "<group>"; };
		9A13BAC91CA86AAE007C6CBE /* ja */ = {isa = PBXFileReference; lastKnownFileType = file.xib; name = ja; path = ja.lproj/CLAboutUsView.xib; sourceTree = "<group>"; };
		9A13BACB1CA877A6007C6CBE /* en */ = {isa = PBXFileReference; lastKnownFileType = file.xib; name = en; path = en.lproj/CLPreferencesView.xib; sourceTree = "<group>"; };
		9A13BACD1CA877A8007C6CBE /* ja */ = {isa = PBXFileReference; lastKnownFileType = file.xib; name = ja; path = ja.lproj/CLPreferencesView.xib; sourceTree = "<group>"; };
		9A13BACF1CA879E5007C6CBE /* en */ = {isa = PBXFileReference; lastKnownFileType = file.xib; name = en; path = en.lproj/CLAppearanceView.xib; sourceTree = "<group>"; };
		9A13BAD11CA879E8007C6CBE /* ja */ = {isa = PBXFileReference; lastKnownFileType = file.xib; name = ja; path = ja.lproj/CLAppearanceView.xib; sourceTree = "<group>"; };
		9A13BAD31CA87DF4007C6CBE /* en */ = {isa = PBXFileReference; lastKnownFileType = file.xib; name = en; path = en.lproj/CLOnboardingWindow.xib; sourceTree = "<group>"; };
		9A13BAD51CA87DF5007C6CBE /* ja */ = {isa = PBXFileReference; lastKnownFileType = file.xib; name = ja; path = ja.lproj/CLOnboardingWindow.xib; sourceTree = "<group>"; };
		9A13BAD71CA87F08007C6CBE /* en */ = {isa = PBXFileReference; lastKnownFileType = file.xib; name = en; path = en.lproj/Panel.xib; sourceTree = "<group>"; };
		9A13BAD91CA87F09007C6CBE /* ja */ = {isa = PBXFileReference; lastKnownFileType = file.xib; name = ja; path = ja.lproj/Panel.xib; sourceTree = "<group>"; };
		9A13BADB1CA87F3F007C6CBE /* en */ = {isa = PBXFileReference; lastKnownFileType = file.xib; name = en; path = en.lproj/CLOneWindow.xib; sourceTree = "<group>"; };
		9A13BADD1CA87F40007C6CBE /* ja */ = {isa = PBXFileReference; lastKnownFileType = file.xib; name = ja; path = ja.lproj/CLOneWindow.xib; sourceTree = "<group>"; };
		9A13BAE11CA882FA007C6CBE /* en */ = {isa = PBXFileReference; lastKnownFileType = text.plist.strings; name = en; path = en.lproj/InfoPlist.strings; sourceTree = "<group>"; };
		9A13BAE31CA882FC007C6CBE /* ja */ = {isa = PBXFileReference; lastKnownFileType = text.plist.strings; name = ja; path = ja.lproj/InfoPlist.strings; sourceTree = "<group>"; };
		9A13BAE71CA889BB007C6CBE /* en */ = {isa = PBXFileReference; lastKnownFileType = file.xib; name = en; path = en.lproj/CLAppFeedbackWindow.xib; sourceTree = "<group>"; };
		9A13BAE91CA889BD007C6CBE /* ja */ = {isa = PBXFileReference; lastKnownFileType = file.xib; name = ja; path = ja.lproj/CLAppFeedbackWindow.xib; sourceTree = "<group>"; };
		9A13BAEB1CA88A76007C6CBE /* en */ = {isa = PBXFileReference; lastKnownFileType = text.plist.strings; name = en; path = en.lproj/Localizable.strings; sourceTree = "<group>"; };
		9A13BAED1CA88AD3007C6CBE /* ja */ = {isa = PBXFileReference; lastKnownFileType = text.plist.strings; name = ja; path = ja.lproj/Localizable.strings; sourceTree = "<group>"; };
		9A20A04A1C4DEED200FB45AB /* IOKit.framework */ = {isa = PBXFileReference; lastKnownFileType = wrapper.framework; name = IOKit.framework; path = System/Library/Frameworks/IOKit.framework; sourceTree = SDKROOT; };
		9A20A0691C4E801500FB45AB /* Clocker-Helper.xcodeproj */ = {isa = PBXFileReference; lastKnownFileType = "wrapper.pb-project"; name = "Clocker-Helper.xcodeproj"; path = "Clocker-Helper/Clocker-Helper.xcodeproj"; sourceTree = "<group>"; };
		9A20A06F1C4E804D00FB45AB /* ServiceManagement.framework */ = {isa = PBXFileReference; lastKnownFileType = wrapper.framework; name = ServiceManagement.framework; path = System/Library/Frameworks/ServiceManagement.framework; sourceTree = SDKROOT; };
		9A20A0751C4EA53600FB45AB /* CLOnboardingWindowController.h */ = {isa = PBXFileReference; fileEncoding = 4; lastKnownFileType = sourcecode.c.h; name = CLOnboardingWindowController.h; path = Clocker/Onboarding/CLOnboardingWindowController.h; sourceTree = "<group>"; };
		9A20A0761C4EA53600FB45AB /* CLOnboardingWindowController.m */ = {isa = PBXFileReference; fileEncoding = 4; lastKnownFileType = sourcecode.c.objc; name = CLOnboardingWindowController.m; path = Clocker/Onboarding/CLOnboardingWindowController.m; sourceTree = "<group>"; };
		9A20A07B1C4EAAEB00FB45AB /* CLIntroViewController.h */ = {isa = PBXFileReference; fileEncoding = 4; lastKnownFileType = sourcecode.c.h; name = CLIntroViewController.h; path = Clocker/Onboarding/CLIntroViewController.h; sourceTree = "<group>"; };
		9A20A07C1C4EAAEB00FB45AB /* CLIntroViewController.m */ = {isa = PBXFileReference; fileEncoding = 4; lastKnownFileType = sourcecode.c.objc; name = CLIntroViewController.m; path = Clocker/Onboarding/CLIntroViewController.m; sourceTree = "<group>"; };
		9A20A07D1C4EAAEB00FB45AB /* CLIntroView.xib */ = {isa = PBXFileReference; fileEncoding = 4; lastKnownFileType = file.xib; name = CLIntroView.xib; path = Clocker/Onboarding/CLIntroView.xib; sourceTree = "<group>"; };
		9A25F7411C1A5E17007D369B /* iRate.h */ = {isa = PBXFileReference; fileEncoding = 4; lastKnownFileType = sourcecode.c.h; name = iRate.h; path = "Clocker/Rate App/iRate.h"; sourceTree = "<group>"; };
		9A25F7441C1A5E17007D369B /* iRate.m */ = {isa = PBXFileReference; fileEncoding = 4; lastKnownFileType = sourcecode.c.objc; name = iRate.m; path = "Clocker/Rate App/iRate.m"; sourceTree = "<group>"; };
		9A3247301C25FD3A00CF6B6E /* CLCustomSliderCell.h */ = {isa = PBXFileReference; fileEncoding = 4; lastKnownFileType = sourcecode.c.h; name = CLCustomSliderCell.h; path = "Clocker/Custom Slider/CLCustomSliderCell.h"; sourceTree = "<group>"; };
		9A3247311C25FD3A00CF6B6E /* CLCustomSliderCell.m */ = {isa = PBXFileReference; fileEncoding = 4; lastKnownFileType = sourcecode.c.objc; name = CLCustomSliderCell.m; path = "Clocker/Custom Slider/CLCustomSliderCell.m"; sourceTree = "<group>"; };
		9A3247361C263F4F00CF6B6E /* CLAppearanceViewController.h */ = {isa = PBXFileReference; fileEncoding = 4; lastKnownFileType = sourcecode.c.h; name = CLAppearanceViewController.h; path = "Clocker/Appearance Tab/CLAppearanceViewController.h"; sourceTree = "<group>"; };
		9A3247371C263F4F00CF6B6E /* CLAppearanceViewController.m */ = {isa = PBXFileReference; fileEncoding = 4; lastKnownFileType = sourcecode.c.objc; name = CLAppearanceViewController.m; path = "Clocker/Appearance Tab/CLAppearanceViewController.m"; sourceTree = "<group>"; };
		9A392EE51C1CDD530072C10A /* CLAboutUsViewController.h */ = {isa = PBXFileReference; fileEncoding = 4; lastKnownFileType = sourcecode.c.h; name = CLAboutUsViewController.h; path = Clocker/AboutUsWindow/CLAboutUsViewController.h; sourceTree = "<group>"; };
		9A392EE61C1CDD530072C10A /* CLAboutUsViewController.m */ = {isa = PBXFileReference; fileEncoding = 4; lastKnownFileType = sourcecode.c.objc; name = CLAboutUsViewController.m; path = Clocker/AboutUsWindow/CLAboutUsViewController.m; sourceTree = "<group>"; };
		9A392EEA1C1CE9950072C10A /* CLPreferencesViewController.h */ = {isa = PBXFileReference; fileEncoding = 4; lastKnownFileType = sourcecode.c.h; name = CLPreferencesViewController.h; path = Clocker/Preferences/CLPreferencesViewController.h; sourceTree = "<group>"; };
		9A392EEB1C1CE9950072C10A /* CLPreferencesViewController.m */ = {isa = PBXFileReference; fileEncoding = 4; lastKnownFileType = sourcecode.c.objc; name = CLPreferencesViewController.m; path = Clocker/Preferences/CLPreferencesViewController.m; sourceTree = "<group>"; };
		9A42394C1CB0616400A8E51A /* CLFloatingWindowController.h */ = {isa = PBXFileReference; fileEncoding = 4; lastKnownFileType = sourcecode.c.h; name = CLFloatingWindowController.h; path = "Clocker/Floating Window/CLFloatingWindowController.h"; sourceTree = "<group>"; };
		9A42394D1CB0616400A8E51A /* CLFloatingWindowController.m */ = {isa = PBXFileReference; fileEncoding = 4; lastKnownFileType = sourcecode.c.objc; name = CLFloatingWindowController.m; path = "Clocker/Floating Window/CLFloatingWindowController.m"; sourceTree = "<group>"; };
		9A4379211BEC223900F4E27F /* Security.framework */ = {isa = PBXFileReference; lastKnownFileType = wrapper.framework; path = Security.framework; sourceTree = "<group>"; };
		9A4379231BEC223900F4E27F /* Fabric.framework */ = {isa = PBXFileReference; lastKnownFileType = wrapper.framework; path = Fabric.framework; sourceTree = "<group>"; };
		9A4379291BEC230A00F4E27F /* libc++.tbd */ = {isa = PBXFileReference; lastKnownFileType = "sourcecode.text-based-dylib-definition"; name = "libc++.tbd"; path = "usr/lib/libc++.tbd"; sourceTree = SDKROOT; };
		9A43792B1BEC231100F4E27F /* libz.tbd */ = {isa = PBXFileReference; lastKnownFileType = "sourcecode.text-based-dylib-definition"; name = libz.tbd; path = usr/lib/libz.tbd; sourceTree = SDKROOT; };
		9A56DB7D1C1CFB73004CE6AF /* MainMenu.xib */ = {isa = PBXFileReference; fileEncoding = 4; lastKnownFileType = file.xib; name = MainMenu.xib; path = Clocker/MainMenu.xib; sourceTree = "<group>"; };
		9A5951B91C1D0A22009C17AA /* Crashlytics.framework */ = {isa = PBXFileReference; lastKnownFileType = wrapper.framework; name = Crashlytics.framework; path = Frameworks/Crashlytics.framework; sourceTree = "<group>"; };
		9A5951BB1C1D0A8D009C17AA /* CommonStrings.m */ = {isa = PBXFileReference; fileEncoding = 4; lastKnownFileType = sourcecode.c.objc; name = CommonStrings.m; path = Clocker/Utilities/CommonStrings.m; sourceTree = "<group>"; };
		9A5951BC1C1D0A8D009C17AA /* CommonStrings.h */ = {isa = PBXFileReference; fileEncoding = 4; lastKnownFileType = sourcecode.c.h; name = CommonStrings.h; path = Clocker/Utilities/CommonStrings.h; sourceTree = "<group>"; };
		9A5951BE1C1D0AA0009C17AA /* CLOneWindowController.m */ = {isa = PBXFileReference; fileEncoding = 4; lastKnownFileType = sourcecode.c.objc; name = CLOneWindowController.m; path = Clocker/CLOneWindow/CLOneWindowController.m; sourceTree = "<group>"; };
		9A5951BF1C1D0AA0009C17AA /* CLOneWindowController.h */ = {isa = PBXFileReference; fileEncoding = 4; lastKnownFileType = sourcecode.c.h; name = CLOneWindowController.h; path = Clocker/CLOneWindow/CLOneWindowController.h; sourceTree = "<group>"; };
		9A5951D11C1D1D94009C17AA /* ApptentiveConnect.framework */ = {isa = PBXFileReference; lastKnownFileType = wrapper.framework; name = ApptentiveConnect.framework; path = Clocker/ApptentiveConnect/ApptentiveConnect.framework; sourceTree = "<group>"; };
		9A5951F31C1D3D81009C17AA /* CLTimezoneCellView.h */ = {isa = PBXFileReference; fileEncoding = 4; lastKnownFileType = sourcecode.c.h; name = CLTimezoneCellView.h; path = "Clocker/Custom Table Cell Views/CLTimezoneCellView.h"; sourceTree = "<group>"; };
		9A5951F41C1D3D81009C17AA /* CLTimezoneCellView.m */ = {isa = PBXFileReference; fileEncoding = 4; lastKnownFileType = sourcecode.c.objc; name = CLTimezoneCellView.m; path = "Clocker/Custom Table Cell Views/CLTimezoneCellView.m"; sourceTree = "<group>"; };
		9A5951F81C1D5214009C17AA /* iVersion.h */ = {isa = PBXFileReference; fileEncoding = 4; lastKnownFileType = sourcecode.c.h; name = iVersion.h; path = "Clocker/Updated Version/iVersion.h"; sourceTree = "<group>"; };
		9A5951F91C1D5214009C17AA /* iVersion.m */ = {isa = PBXFileReference; fileEncoding = 4; lastKnownFileType = sourcecode.c.objc; name = iVersion.m; path = "Clocker/Updated Version/iVersion.m"; sourceTree = "<group>"; };
		9A5951FC1C1D592D009C17AA /* iVersion.bundle */ = {isa = PBXFileReference; lastKnownFileType = "wrapper.plug-in"; name = iVersion.bundle; path = "Clocker/Updated Version/iVersion.bundle"; sourceTree = "<group>"; };
		9A5B1A8D1BECDFB700A77C68 /* Clocker.entitlements */ = {isa = PBXFileReference; lastKnownFileType = text.xml; name = Clocker.entitlements; path = Clocker/Clocker.entitlements; sourceTree = "<group>"; };
		9A5E6B9F1CAF71C1006E7C5C /* libicucore.tbd */ = {isa = PBXFileReference; lastKnownFileType = "sourcecode.text-based-dylib-definition"; name = libicucore.tbd; path = usr/lib/libicucore.tbd; sourceTree = SDKROOT; };
		9A5E6BA11CAF794D006E7C5C /* zh-Hans */ = {isa = PBXFileReference; lastKnownFileType = text.plist.strings; name = "zh-Hans"; path = "zh-Hans.lproj/InfoPlist.strings"; sourceTree = "<group>"; };
		9A5E6BA21CAF794D006E7C5C /* zh-Hans */ = {isa = PBXFileReference; lastKnownFileType = text.plist.strings; name = "zh-Hans"; path = "zh-Hans.lproj/Localizable.strings"; sourceTree = "<group>"; };
		9A5E6BA31CAF794D006E7C5C /* zh-Hans */ = {isa = PBXFileReference; lastKnownFileType = file.xib; name = "zh-Hans"; path = "zh-Hans.lproj/CLOneWindow.xib"; sourceTree = "<group>"; };
		9A5E6BA41CAF794D006E7C5C /* zh-Hans */ = {isa = PBXFileReference; lastKnownFileType = file.xib; name = "zh-Hans"; path = "zh-Hans.lproj/Panel.xib"; sourceTree = "<group>"; };
		9A5E6BA51CAF794D006E7C5C /* zh-Hans */ = {isa = PBXFileReference; lastKnownFileType = file.xib; name = "zh-Hans"; path = "zh-Hans.lproj/CLAboutUsView.xib"; sourceTree = "<group>"; };
		9A5E6BA61CAF794D006E7C5C /* zh-Hans */ = {isa = PBXFileReference; lastKnownFileType = file.xib; name = "zh-Hans"; path = "zh-Hans.lproj/CLPreferencesView.xib"; sourceTree = "<group>"; };
		9A5E6BA71CAF794D006E7C5C /* zh-Hans */ = {isa = PBXFileReference; lastKnownFileType = file.xib; name = "zh-Hans"; path = "zh-Hans.lproj/CLAppearanceView.xib"; sourceTree = "<group>"; };
		9A5E6BA81CAF794D006E7C5C /* zh-Hans */ = {isa = PBXFileReference; lastKnownFileType = file.xib; name = "zh-Hans"; path = "zh-Hans.lproj/CLAppFeedbackWindow.xib"; sourceTree = "<group>"; };
		9A5E6BA91CAF794D006E7C5C /* zh-Hans */ = {isa = PBXFileReference; lastKnownFileType = file.xib; name = "zh-Hans"; path = "zh-Hans.lproj/CLOnboardingWindow.xib"; sourceTree = "<group>"; };
		9A5E6BAA1CAF8DFA006E7C5C /* iRate.bundle */ = {isa = PBXFileReference; lastKnownFileType = "wrapper.plug-in"; path = iRate.bundle; sourceTree = "<group>"; };
		9A6362081C432F68004AD010 /* CLAPI.h */ = {isa = PBXFileReference; fileEncoding = 4; lastKnownFileType = sourcecode.c.h; name = CLAPI.h; path = Clocker/API/CLAPI.h; sourceTree = "<group>"; };
		9A6362091C432F68004AD010 /* CLAPI.m */ = {isa = PBXFileReference; fileEncoding = 4; lastKnownFileType = sourcecode.c.objc; name = CLAPI.m; path = Clocker/API/CLAPI.m; sourceTree = "<group>"; };
		9A6D93361CF3E82F005A8690 /* CoreImage.framework */ = {isa = PBXFileReference; lastKnownFileType = wrapper.framework; name = CoreImage.framework; path = System/Library/Frameworks/CoreImage.framework; sourceTree = SDKROOT; };
		9A7654341CDC2290000FB825 /* zh-Hant */ = {isa = PBXFileReference; lastKnownFileType = text.plist.strings; name = "zh-Hant"; path = "zh-Hant.lproj/InfoPlist.strings"; sourceTree = "<group>"; };
		9A7654351CDC2290000FB825 /* zh-Hant */ = {isa = PBXFileReference; lastKnownFileType = text.plist.strings; name = "zh-Hant"; path = "zh-Hant.lproj/Localizable.strings"; sourceTree = "<group>"; };
		9A7654361CDC2290000FB825 /* zh-Hant */ = {isa = PBXFileReference; lastKnownFileType = file.xib; name = "zh-Hant"; path = "zh-Hant.lproj/CLOneWindow.xib"; sourceTree = "<group>"; };
		9A7654371CDC2291000FB825 /* zh-Hant */ = {isa = PBXFileReference; lastKnownFileType = file.xib; name = "zh-Hant"; path = "zh-Hant.lproj/Panel.xib"; sourceTree = "<group>"; };
		9A7654381CDC2291000FB825 /* zh-Hant */ = {isa = PBXFileReference; lastKnownFileType = file.xib; name = "zh-Hant"; path = "zh-Hant.lproj/CLAboutUsView.xib"; sourceTree = "<group>"; };
		9A7654391CDC2291000FB825 /* zh-Hant */ = {isa = PBXFileReference; lastKnownFileType = file.xib; name = "zh-Hant"; path = "zh-Hant.lproj/CLPreferencesView.xib"; sourceTree = "<group>"; };
		9A76543A1CDC2291000FB825 /* zh-Hant */ = {isa = PBXFileReference; lastKnownFileType = file.xib; name = "zh-Hant"; path = "zh-Hant.lproj/CLAppearanceView.xib"; sourceTree = "<group>"; };
		9A76543B1CDC2291000FB825 /* zh-Hant */ = {isa = PBXFileReference; lastKnownFileType = file.xib; name = "zh-Hant"; path = "zh-Hant.lproj/CLAppFeedbackWindow.xib"; sourceTree = "<group>"; };
		9A76543C1CDC2291000FB825 /* zh-Hant */ = {isa = PBXFileReference; lastKnownFileType = file.xib; name = "zh-Hant"; path = "zh-Hant.lproj/CLOnboardingWindow.xib"; sourceTree = "<group>"; };
		9A76543D1CDC2291000FB825 /* zh-Hant */ = {isa = PBXFileReference; lastKnownFileType = file.xib; name = "zh-Hant"; path = "zh-Hant.lproj/CLFloatingWindow.xib"; sourceTree = "<group>"; };
		9A79E98E1CB34B6800BA7916 /* CLParentPanelController.h */ = {isa = PBXFileReference; fileEncoding = 4; lastKnownFileType = sourcecode.c.h; name = CLParentPanelController.h; path = Clocker/CLParentPanelController.h; sourceTree = "<group>"; };
		9A79E98F1CB34B6800BA7916 /* CLParentPanelController.m */ = {isa = PBXFileReference; fileEncoding = 4; lastKnownFileType = sourcecode.c.objc; name = CLParentPanelController.m; path = Clocker/CLParentPanelController.m; sourceTree = "<group>"; };
		9A82F32B1CDFF8CE00CC8906 /* pop.xcodeproj */ = {isa = PBXFileReference; lastKnownFileType = "wrapper.pb-project"; name = pop.xcodeproj; path = Clocker/pop/pop.xcodeproj; sourceTree = "<group>"; };
		9A8605AD1BEC148400A810A4 /* main.m */ = {isa = PBXFileReference; lastKnownFileType = sourcecode.c.objc; name = main.m; path = Clocker/main.m; sourceTree = "<group>"; };
		9A8605B41BEC14BE00A810A4 /* MenubarController.m */ = {isa = PBXFileReference; lastKnownFileType = sourcecode.c.objc; name = MenubarController.m; path = Clocker/MenubarController.m; sourceTree = "<group>"; };
		9A8605B51BEC14BE00A810A4 /* ApplicationDelegate.m */ = {isa = PBXFileReference; lastKnownFileType = sourcecode.c.objc; name = ApplicationDelegate.m; path = Clocker/ApplicationDelegate.m; sourceTree = "<group>"; };
		9A8605B81BEC14DC00A810A4 /* StatusItemView.m */ = {isa = PBXFileReference; lastKnownFileType = sourcecode.c.objc; name = StatusItemView.m; path = Clocker/StatusItemView.m; sourceTree = "<group>"; };
		9A8605B91BEC14DC00A810A4 /* PanelController.m */ = {isa = PBXFileReference; lastKnownFileType = sourcecode.c.objc; name = PanelController.m; path = Clocker/PanelController.m; sourceTree = "<group>"; };
		9A8605BC1BEC14F600A810A4 /* BackgroundView.m */ = {isa = PBXFileReference; lastKnownFileType = sourcecode.c.objc; name = BackgroundView.m; path = Clocker/BackgroundView.m; sourceTree = "<group>"; };
		9A8605BD1BEC14F600A810A4 /* Panel.m */ = {isa = PBXFileReference; lastKnownFileType = sourcecode.c.objc; name = Panel.m; path = Clocker/Panel.m; sourceTree = "<group>"; };
		9A8605C31BEC155B00A810A4 /* Clocker-Info.plist */ = {isa = PBXFileReference; fileEncoding = 4; lastKnownFileType = text.plist.xml; name = "Clocker-Info.plist"; path = "Clocker/Clocker-Info.plist"; sourceTree = "<group>"; };
		9A8605C41BEC155B00A810A4 /* BackgroundView.h */ = {isa = PBXFileReference; fileEncoding = 4; lastKnownFileType = sourcecode.c.h; name = BackgroundView.h; path = Clocker/BackgroundView.h; sourceTree = "<group>"; };
		9A8605C51BEC155B00A810A4 /* StatusItemView.h */ = {isa = PBXFileReference; fileEncoding = 4; lastKnownFileType = sourcecode.c.h; name = StatusItemView.h; path = Clocker/StatusItemView.h; sourceTree = "<group>"; };
		9A8605C61BEC155B00A810A4 /* Panel.h */ = {isa = PBXFileReference; fileEncoding = 4; lastKnownFileType = sourcecode.c.h; name = Panel.h; path = Clocker/Panel.h; sourceTree = "<group>"; };
		9A8605C81BEC155B00A810A4 /* PanelController.h */ = {isa = PBXFileReference; fileEncoding = 4; lastKnownFileType = sourcecode.c.h; name = PanelController.h; path = Clocker/PanelController.h; sourceTree = "<group>"; };
		9A8605C91BEC155B00A810A4 /* MenubarController.h */ = {isa = PBXFileReference; fileEncoding = 4; lastKnownFileType = sourcecode.c.h; name = MenubarController.h; path = Clocker/MenubarController.h; sourceTree = "<group>"; };
		9A8605CA1BEC155B00A810A4 /* ApplicationDelegate.h */ = {isa = PBXFileReference; fileEncoding = 4; lastKnownFileType = sourcecode.c.h; name = ApplicationDelegate.h; path = Clocker/ApplicationDelegate.h; sourceTree = "<group>"; };
		9A8605CC1BEC155B00A810A4 /* Clocker-Prefix.pch */ = {isa = PBXFileReference; fileEncoding = 4; lastKnownFileType = sourcecode.c.h; name = "Clocker-Prefix.pch"; path = "Clocker/Clocker-Prefix.pch"; sourceTree = "<group>"; };
		9A86E2B21CE0351C00547EE7 /* EDSunriseSet.h */ = {isa = PBXFileReference; fileEncoding = 4; lastKnownFileType = sourcecode.c.h; name = EDSunriseSet.h; path = Clocker/EDSunriseSet.h; sourceTree = "<group>"; };
		9A86E2B31CE0351C00547EE7 /* EDSunriseSet.m */ = {isa = PBXFileReference; fileEncoding = 4; lastKnownFileType = sourcecode.c.objc; name = EDSunriseSet.m; path = Clocker/EDSunriseSet.m; sourceTree = "<group>"; };
		9A86E2B51CE04F1600547EE7 /* ShortcutRecorder.xcodeproj */ = {isa = PBXFileReference; lastKnownFileType = "wrapper.pb-project"; name = ShortcutRecorder.xcodeproj; path = "Clocker/ShortcutRecorder-master/ShortcutRecorder.xcodeproj"; sourceTree = "<group>"; };
		9A87DAB41C358FA800A8CF3B /* DateTools.bundle */ = {isa = PBXFileReference; lastKnownFileType = "wrapper.plug-in"; name = DateTools.bundle; path = "Clocker/Date Tools/DateTools-master/DateTools/DateTools.bundle"; sourceTree = "<group>"; };
		9A87DAB51C358FA800A8CF3B /* DateTools.h */ = {isa = PBXFileReference; fileEncoding = 4; lastKnownFileType = sourcecode.c.h; name = DateTools.h; path = "Clocker/Date Tools/DateTools-master/DateTools/DateTools.h"; sourceTree = "<group>"; };
		9A87DAB61C358FA800A8CF3B /* DTConstants.h */ = {isa = PBXFileReference; fileEncoding = 4; lastKnownFileType = sourcecode.c.h; name = DTConstants.h; path = "Clocker/Date Tools/DateTools-master/DateTools/DTConstants.h"; sourceTree = "<group>"; };
		9A87DAB71C358FA800A8CF3B /* DTConstants.m */ = {isa = PBXFileReference; fileEncoding = 4; lastKnownFileType = sourcecode.c.objc; name = DTConstants.m; path = "Clocker/Date Tools/DateTools-master/DateTools/DTConstants.m"; sourceTree = "<group>"; };
		9A87DAB81C358FA800A8CF3B /* DTError.h */ = {isa = PBXFileReference; fileEncoding = 4; lastKnownFileType = sourcecode.c.h; name = DTError.h; path = "Clocker/Date Tools/DateTools-master/DateTools/DTError.h"; sourceTree = "<group>"; };
		9A87DAB91C358FA800A8CF3B /* DTError.m */ = {isa = PBXFileReference; fileEncoding = 4; lastKnownFileType = sourcecode.c.objc; name = DTError.m; path = "Clocker/Date Tools/DateTools-master/DateTools/DTError.m"; sourceTree = "<group>"; };
		9A87DABA1C358FA800A8CF3B /* DTTimePeriod.h */ = {isa = PBXFileReference; fileEncoding = 4; lastKnownFileType = sourcecode.c.h; name = DTTimePeriod.h; path = "Clocker/Date Tools/DateTools-master/DateTools/DTTimePeriod.h"; sourceTree = "<group>"; };
		9A87DABB1C358FA800A8CF3B /* DTTimePeriod.m */ = {isa = PBXFileReference; fileEncoding = 4; lastKnownFileType = sourcecode.c.objc; name = DTTimePeriod.m; path = "Clocker/Date Tools/DateTools-master/DateTools/DTTimePeriod.m"; sourceTree = "<group>"; };
		9A87DABC1C358FA800A8CF3B /* DTTimePeriodChain.h */ = {isa = PBXFileReference; fileEncoding = 4; lastKnownFileType = sourcecode.c.h; name = DTTimePeriodChain.h; path = "Clocker/Date Tools/DateTools-master/DateTools/DTTimePeriodChain.h"; sourceTree = "<group>"; };
		9A87DABD1C358FA800A8CF3B /* DTTimePeriodChain.m */ = {isa = PBXFileReference; fileEncoding = 4; lastKnownFileType = sourcecode.c.objc; name = DTTimePeriodChain.m; path = "Clocker/Date Tools/DateTools-master/DateTools/DTTimePeriodChain.m"; sourceTree = "<group>"; };
		9A87DABE1C358FA800A8CF3B /* DTTimePeriodCollection.h */ = {isa = PBXFileReference; fileEncoding = 4; lastKnownFileType = sourcecode.c.h; name = DTTimePeriodCollection.h; path = "Clocker/Date Tools/DateTools-master/DateTools/DTTimePeriodCollection.h"; sourceTree = "<group>"; };
		9A87DABF1C358FA800A8CF3B /* DTTimePeriodCollection.m */ = {isa = PBXFileReference; fileEncoding = 4; lastKnownFileType = sourcecode.c.objc; name = DTTimePeriodCollection.m; path = "Clocker/Date Tools/DateTools-master/DateTools/DTTimePeriodCollection.m"; sourceTree = "<group>"; };
		9A87DAC01C358FA800A8CF3B /* DTTimePeriodGroup.h */ = {isa = PBXFileReference; fileEncoding = 4; lastKnownFileType = sourcecode.c.h; name = DTTimePeriodGroup.h; path = "Clocker/Date Tools/DateTools-master/DateTools/DTTimePeriodGroup.h"; sourceTree = "<group>"; };
		9A87DAC11C358FA800A8CF3B /* DTTimePeriodGroup.m */ = {isa = PBXFileReference; fileEncoding = 4; lastKnownFileType = sourcecode.c.objc; name = DTTimePeriodGroup.m; path = "Clocker/Date Tools/DateTools-master/DateTools/DTTimePeriodGroup.m"; sourceTree = "<group>"; };
		9A87DAC21C358FA800A8CF3B /* NSDate+DateTools.h */ = {isa = PBXFileReference; fileEncoding = 4; lastKnownFileType = sourcecode.c.h; name = "NSDate+DateTools.h"; path = "Clocker/Date Tools/DateTools-master/DateTools/NSDate+DateTools.h"; sourceTree = "<group>"; };
		9A87DAC31C358FA800A8CF3B /* NSDate+DateTools.m */ = {isa = PBXFileReference; fileEncoding = 4; lastKnownFileType = sourcecode.c.objc; name = "NSDate+DateTools.m"; path = "Clocker/Date Tools/DateTools-master/DateTools/NSDate+DateTools.m"; sourceTree = "<group>"; };
		9A9E63831C2C673E009A299B /* CLAppFeedbackWindowController.h */ = {isa = PBXFileReference; fileEncoding = 4; lastKnownFileType = sourcecode.c.h; name = CLAppFeedbackWindowController.h; path = "Clocker/App Feedback/CLAppFeedbackWindowController.h"; sourceTree = "<group>"; };
		9A9E63841C2C673E009A299B /* CLAppFeedbackWindowController.m */ = {isa = PBXFileReference; fileEncoding = 4; lastKnownFileType = sourcecode.c.objc; name = CLAppFeedbackWindowController.m; path = "Clocker/App Feedback/CLAppFeedbackWindowController.m"; sourceTree = "<group>"; };
		9A9E87611C1FEDB500A7A2DF /* CFNetwork.framework */ = {isa = PBXFileReference; lastKnownFileType = wrapper.framework; name = CFNetwork.framework; path = System/Library/Frameworks/CFNetwork.framework; sourceTree = SDKROOT; };
		9A9E87631C1FEDBD00A7A2DF /* CoreGraphics.framework */ = {isa = PBXFileReference; lastKnownFileType = wrapper.framework; name = CoreGraphics.framework; path = System/Library/Frameworks/CoreGraphics.framework; sourceTree = SDKROOT; };
		9A9E87651C1FEDC500A7A2DF /* CoreLocation.framework */ = {isa = PBXFileReference; lastKnownFileType = wrapper.framework; name = CoreLocation.framework; path = System/Library/Frameworks/CoreLocation.framework; sourceTree = SDKROOT; };
		9A9E87671C1FEDD300A7A2DF /* Security.framework */ = {isa = PBXFileReference; lastKnownFileType = wrapper.framework; name = Security.framework; path = System/Library/Frameworks/Security.framework; sourceTree = SDKROOT; };
		9A9E87691C1FEDDB00A7A2DF /* SystemConfiguration.framework */ = {isa = PBXFileReference; lastKnownFileType = wrapper.framework; name = SystemConfiguration.framework; path = System/Library/Frameworks/SystemConfiguration.framework; sourceTree = SDKROOT; };
		9A9E876B1C1FEDE700A7A2DF /* libsqlite3.tbd */ = {isa = PBXFileReference; lastKnownFileType = "sourcecode.text-based-dylib-definition"; name = libsqlite3.tbd; path = usr/lib/libsqlite3.tbd; sourceTree = SDKROOT; };
		9AA4AC861CEC0FA60054ACB7 /* FloatingView.h */ = {isa = PBXFileReference; fileEncoding = 4; lastKnownFileType = sourcecode.c.h; name = FloatingView.h; path = "Clocker/Onboarding/Onboarding Animated Views/FloatingView.h"; sourceTree = "<group>"; };
		9AA4AC871CEC0FA60054ACB7 /* FloatingView.m */ = {isa = PBXFileReference; fileEncoding = 4; lastKnownFileType = sourcecode.c.objc; name = FloatingView.m; path = "Clocker/Onboarding/Onboarding Animated Views/FloatingView.m"; sourceTree = "<group>"; };
		9AA4AC881CEC0FA60054ACB7 /* CLShortcutAnimatedView.h */ = {isa = PBXFileReference; fileEncoding = 4; lastKnownFileType = sourcecode.c.h; name = CLShortcutAnimatedView.h; path = "Clocker/Onboarding/Onboarding Animated Views/CLShortcutAnimatedView.h"; sourceTree = "<group>"; };
		9AA4AC891CEC0FA60054ACB7 /* CLShortcutAnimatedView.m */ = {isa = PBXFileReference; fileEncoding = 4; lastKnownFileType = sourcecode.c.objc; name = CLShortcutAnimatedView.m; path = "Clocker/Onboarding/Onboarding Animated Views/CLShortcutAnimatedView.m"; sourceTree = "<group>"; };
		9AA4AC8A1CEC0FA60054ACB7 /* CLFavouriteAnimatedView.h */ = {isa = PBXFileReference; fileEncoding = 4; lastKnownFileType = sourcecode.c.h; name = CLFavouriteAnimatedView.h; path = "Clocker/Onboarding/Onboarding Animated Views/CLFavouriteAnimatedView.h"; sourceTree = "<group>"; };
		9AA4AC8B1CEC0FA60054ACB7 /* CLFavouriteAnimatedView.m */ = {isa = PBXFileReference; fileEncoding = 4; lastKnownFileType = sourcecode.c.objc; name = CLFavouriteAnimatedView.m; path = "Clocker/Onboarding/Onboarding Animated Views/CLFavouriteAnimatedView.m"; sourceTree = "<group>"; };
		9AA4AC8F1CEC11270054ACB7 /* QCMethod.h */ = {isa = PBXFileReference; fileEncoding = 4; lastKnownFileType = sourcecode.c.h; name = QCMethod.h; path = "Clocker/Onboarding/Onboarding Animated Views/QCMethod.h"; sourceTree = "<group>"; };
		9AA4AC901CEC112E0054ACB7 /* QCMethod.m */ = {isa = PBXFileReference; fileEncoding = 4; lastKnownFileType = sourcecode.c.objc; name = QCMethod.m; path = "Clocker/Onboarding/Onboarding Animated Views/QCMethod.m"; sourceTree = "<group>"; };
		9AB2420C1CB723650017C17C /* en */ = {isa = PBXFileReference; lastKnownFileType = file.xib; name = en; path = en.lproj/CLFloatingWindow.xib; sourceTree = "<group>"; };
		9AB2420F1CB723670017C17C /* ja */ = {isa = PBXFileReference; lastKnownFileType = file.xib; name = ja; path = ja.lproj/CLFloatingWindow.xib; sourceTree = "<group>"; };
		9AB242101CB723690017C17C /* zh-Hans */ = {isa = PBXFileReference; lastKnownFileType = file.xib; name = "zh-Hans"; path = "zh-Hans.lproj/CLFloatingWindow.xib"; sourceTree = "<group>"; };
		9AB89E021CE97A4900EC8EB1 /* Media.xcassets */ = {isa = PBXFileReference; lastKnownFileType = folder.assetcatalog; path = Media.xcassets; sourceTree = "<group>"; };
		9AB935791C1AD8F7001285A0 /* CLRatingCellView.h */ = {isa = PBXFileReference; fileEncoding = 4; lastKnownFileType = sourcecode.c.h; name = CLRatingCellView.h; path = Clocker/CLRatingCellView.h; sourceTree = "<group>"; };
		9AB9357A1C1AD8F7001285A0 /* CLRatingCellView.m */ = {isa = PBXFileReference; fileEncoding = 4; lastKnownFileType = sourcecode.c.objc; name = CLRatingCellView.m; path = Clocker/CLRatingCellView.m; sourceTree = "<group>"; };
		9ABA2B011C671D49009DC0EF /* CLMainWindowController.h */ = {isa = PBXFileReference; fileEncoding = 4; lastKnownFileType = sourcecode.c.h; name = CLMainWindowController.h; path = Clocker/CLMainWindowController.h; sourceTree = "<group>"; };
		9ABA2B021C671D49009DC0EF /* CLMainWindowController.m */ = {isa = PBXFileReference; fileEncoding = 4; lastKnownFileType = sourcecode.c.objc; name = CLMainWindowController.m; path = Clocker/CLMainWindowController.m; sourceTree = "<group>"; };
		9ABF58701C29A80600BD0187 /* CLTimezoneData.h */ = {isa = PBXFileReference; fileEncoding = 4; lastKnownFileType = sourcecode.c.h; name = CLTimezoneData.h; path = Clocker/Model/CLTimezoneData.h; sourceTree = "<group>"; };
		9ABF58711C29A80600BD0187 /* CLTimezoneData.m */ = {isa = PBXFileReference; fileEncoding = 4; lastKnownFileType = sourcecode.c.objc; name = CLTimezoneData.m; path = Clocker/Model/CLTimezoneData.m; sourceTree = "<group>"; };
		9ABFB37F1CA6882000E10745 /* ApplicationServices.framework */ = {isa = PBXFileReference; lastKnownFileType = wrapper.framework; name = ApplicationServices.framework; path = System/Library/Frameworks/ApplicationServices.framework; sourceTree = SDKROOT; };
		9AC678E31C1ABAB9003B4F6B /* QuartzCore.framework */ = {isa = PBXFileReference; lastKnownFileType = wrapper.framework; name = QuartzCore.framework; path = System/Library/Frameworks/QuartzCore.framework; sourceTree = SDKROOT; };
		9ACE03EE1CB0ADE00039FC01 /* Firebase.framework */ = {isa = PBXFileReference; lastKnownFileType = wrapper.framework; name = Firebase.framework; path = Frameworks/Firebase.framework; sourceTree = "<group>"; };
		9AD6DE551CE114DA007A8401 /* CLScaleUpButton.h */ = {isa = PBXFileReference; fileEncoding = 4; lastKnownFileType = sourcecode.c.h; name = CLScaleUpButton.h; path = Clocker/CLScaleUpButton.h; sourceTree = "<group>"; };
		9AD6DE561CE114DA007A8401 /* CLScaleUpButton.m */ = {isa = PBXFileReference; fileEncoding = 4; lastKnownFileType = sourcecode.c.objc; name = CLScaleUpButton.m; path = Clocker/CLScaleUpButton.m; sourceTree = "<group>"; };
		9AF9A1691C250AB300EE7C2A /* Reachability.h */ = {isa = PBXFileReference; fileEncoding = 4; lastKnownFileType = sourcecode.c.h; name = Reachability.h; path = Clocker/Reachability/Reachability.h; sourceTree = "<group>"; };
		9AF9A16A1C250AB300EE7C2A /* Reachability.m */ = {isa = PBXFileReference; fileEncoding = 4; lastKnownFileType = sourcecode.c.objc; name = Reachability.m; path = Clocker/Reachability/Reachability.m; sourceTree = "<group>"; };
		DD4F7C0413C30F9F00825C6E /* Clocker.app */ = {isa = PBXFileReference; explicitFileType = wrapper.application; includeInIndex = 0; path = Clocker.app; sourceTree = BUILT_PRODUCTS_DIR; };
		DD4F7C0813C30F9F00825C6E /* Cocoa.framework */ = {isa = PBXFileReference; lastKnownFileType = wrapper.framework; name = Cocoa.framework; path = System/Library/Frameworks/Cocoa.framework; sourceTree = SDKROOT; };
		DD4F7C0B13C30F9F00825C6E /* AppKit.framework */ = {isa = PBXFileReference; lastKnownFileType = wrapper.framework; name = AppKit.framework; path = System/Library/Frameworks/AppKit.framework; sourceTree = SDKROOT; };
/* End PBXFileReference section */

/* Begin PBXFrameworksBuildPhase section */
		DD4F7C0113C30F9F00825C6E /* Frameworks */ = {
			isa = PBXFrameworksBuildPhase;
			buildActionMask = 2147483647;
			files = (
				9AC678E41C1ABAB9003B4F6B /* QuartzCore.framework in Frameworks */,
				9A6D93371CF3E82F005A8690 /* CoreImage.framework in Frameworks */,
				9A86E2C21CE04F4A00547EE7 /* PTHotKey.framework in Frameworks */,
				9A86E2C11CE04F4300547EE7 /* ShortcutRecorder.framework in Frameworks */,
				9A82F3441CDFF8F600CC8906 /* pop.framework in Frameworks */,
				9A9E876A1C1FEDDB00A7A2DF /* SystemConfiguration.framework in Frameworks */,
				9A9E87621C1FEDB500A7A2DF /* CFNetwork.framework in Frameworks */,
				9A5E6BA01CAF71C1006E7C5C /* libicucore.tbd in Frameworks */,
				9ABFB3801CA6882000E10745 /* ApplicationServices.framework in Frameworks */,
				9A20A0701C4E804D00FB45AB /* ServiceManagement.framework in Frameworks */,
				9A20A04B1C4DEED200FB45AB /* IOKit.framework in Frameworks */,
				9A43792C1BEC231100F4E27F /* libz.tbd in Frameworks */,
				9A9E876C1C1FEDE700A7A2DF /* libsqlite3.tbd in Frameworks */,
				9A9E87681C1FEDD300A7A2DF /* Security.framework in Frameworks */,
				9A5951BA1C1D0A22009C17AA /* Crashlytics.framework in Frameworks */,
				9A43792A1BEC230A00F4E27F /* libc++.tbd in Frameworks */,
				9A4379251BEC223900F4E27F /* Security.framework in Frameworks */,
				DD4F7C0913C30F9F00825C6E /* Cocoa.framework in Frameworks */,
				9A4379271BEC223900F4E27F /* Fabric.framework in Frameworks */,
				9ACE03EF1CB0ADE00039FC01 /* Firebase.framework in Frameworks */,
			);
			runOnlyForDeploymentPostprocessing = 0;
		};
/* End PBXFrameworksBuildPhase section */

/* Begin PBXGroup section */
		9A2000C61BFBCEF6002BFDE8 /* Utilties */ = {
			isa = PBXGroup;
			children = (
				9A86E2B21CE0351C00547EE7 /* EDSunriseSet.h */,
				9A86E2B31CE0351C00547EE7 /* EDSunriseSet.m */,
				9A5951BB1C1D0A8D009C17AA /* CommonStrings.m */,
				9A5951BC1C1D0A8D009C17AA /* CommonStrings.h */,
				9A6362081C432F68004AD010 /* CLAPI.h */,
				9A6362091C432F68004AD010 /* CLAPI.m */,
				9A13BAE21CA882FA007C6CBE /* InfoPlist.strings */,
				9A13BAEC1CA88A76007C6CBE /* Localizable.strings */,
				9A10C6861CDAAB3000D474F1 /* CLPausableTimer.h */,
				9A10C6871CDAAB3000D474F1 /* CLPausableTimer.m */,
				9A10C68D1CDAC8B500D474F1 /* CLPanelTextField.h */,
				9A10C68E1CDAC8B500D474F1 /* CLPanelTextField.m */,
				9AD6DE551CE114DA007A8401 /* CLScaleUpButton.h */,
				9AD6DE561CE114DA007A8401 /* CLScaleUpButton.m */,
			);
			name = Utilties;
			sourceTree = "<group>";
		};
		9A20A06A1C4E801500FB45AB /* Products */ = {
			isa = PBXGroup;
			children = (
				9A20A06E1C4E801600FB45AB /* Clocker-Helper.app */,
			);
			name = Products;
			sourceTree = "<group>";
		};
		9A25F7481C1A5E21007D369B /* Rate */ = {
			isa = PBXGroup;
			children = (
				9A5E6BAA1CAF8DFA006E7C5C /* iRate.bundle */,
				9A25F7411C1A5E17007D369B /* iRate.h */,
				9A25F7441C1A5E17007D369B /* iRate.m */,
			);
			name = Rate;
			sourceTree = "<group>";
		};
		9A5951C31C1D0DE3009C17AA /* View Controllers */ = {
			isa = PBXGroup;
			children = (
				9A3247361C263F4F00CF6B6E /* CLAppearanceViewController.h */,
				9A3247371C263F4F00CF6B6E /* CLAppearanceViewController.m */,
				9A392EE51C1CDD530072C10A /* CLAboutUsViewController.h */,
				9A392EE61C1CDD530072C10A /* CLAboutUsViewController.m */,
				9A392EEA1C1CE9950072C10A /* CLPreferencesViewController.h */,
				9A392EEB1C1CE9950072C10A /* CLPreferencesViewController.m */,
				9A20A07B1C4EAAEB00FB45AB /* CLIntroViewController.h */,
				9A20A07C1C4EAAEB00FB45AB /* CLIntroViewController.m */,
				9A20A07D1C4EAAEB00FB45AB /* CLIntroView.xib */,
			);
			name = "View Controllers";
			sourceTree = "<group>";
		};
		9A5951F01C1D3D35009C17AA /* Table Cell Views */ = {
			isa = PBXGroup;
			children = (
				9A5951F31C1D3D81009C17AA /* CLTimezoneCellView.h */,
				9A5951F41C1D3D81009C17AA /* CLTimezoneCellView.m */,
			);
			name = "Table Cell Views";
			sourceTree = "<group>";
		};
		9A5951FB1C1D5222009C17AA /* Check for Updated Version */ = {
			isa = PBXGroup;
			children = (
				9A5951FC1C1D592D009C17AA /* iVersion.bundle */,
				9A5951F81C1D5214009C17AA /* iVersion.h */,
				9A5951F91C1D5214009C17AA /* iVersion.m */,
			);
			name = "Check for Updated Version";
			sourceTree = "<group>";
		};
		9A5E6B9C1CAF7174006E7C5C /* Firebase */ = {
			isa = PBXGroup;
			children = (
				9ACE03EE1CB0ADE00039FC01 /* Firebase.framework */,
			);
			name = Firebase;
			sourceTree = "<group>";
		};
		9A82F32C1CDFF8CE00CC8906 /* Products */ = {
			isa = PBXGroup;
			children = (
				9A82F3371CDFF8CF00CC8906 /* libpop.a */,
				9A82F3391CDFF8CF00CC8906 /* pop.framework */,
				9A82F33B1CDFF8CF00CC8906 /* pop.framework */,
				9A82F33D1CDFF8CF00CC8906 /* pop.framework */,
				9A82F33F1CDFF8CF00CC8906 /* pop-tests.xctest */,
				9A82F3411CDFF8CF00CC8906 /* pop-tests.xctest */,
				9A82F3431CDFF8CF00CC8906 /* pop-tests.xctest */,
			);
			name = Products;
			sourceTree = "<group>";
		};
		9A8605E01BEC15F400A810A4 /* XIB */ = {
			isa = PBXGroup;
			children = (
				9A13BADC1CA87F3F007C6CBE /* CLOneWindow.xib */,
				9A56DB7D1C1CFB73004CE6AF /* MainMenu.xib */,
				9A13BAD81CA87F08007C6CBE /* Panel.xib */,
				9A13BAC81CA86A88007C6CBE /* CLAboutUsView.xib */,
				9A13BACC1CA877A6007C6CBE /* CLPreferencesView.xib */,
				9A13BAD01CA879E5007C6CBE /* CLAppearanceView.xib */,
				9A13BAE81CA889BB007C6CBE /* CLAppFeedbackWindow.xib */,
				9A13BAD41CA87DF4007C6CBE /* CLOnboardingWindow.xib */,
				9A42394C1CB0616400A8E51A /* CLFloatingWindowController.h */,
				9A42394D1CB0616400A8E51A /* CLFloatingWindowController.m */,
				9AB2420D1CB723650017C17C /* CLFloatingWindow.xib */,
			);
			name = XIB;
			sourceTree = "<group>";
		};
		9A8605E21BEC161300A810A4 /* Superclass */ = {
			isa = PBXGroup;
			children = (
				9A8605C61BEC155B00A810A4 /* Panel.h */,
				9A8605BD1BEC14F600A810A4 /* Panel.m */,
				9A3247301C25FD3A00CF6B6E /* CLCustomSliderCell.h */,
				9A3247311C25FD3A00CF6B6E /* CLCustomSliderCell.m */,
				9ABA2B011C671D49009DC0EF /* CLMainWindowController.h */,
				9ABA2B021C671D49009DC0EF /* CLMainWindowController.m */,
				9A79E98E1CB34B6800BA7916 /* CLParentPanelController.h */,
				9A79E98F1CB34B6800BA7916 /* CLParentPanelController.m */,
			);
			name = Superclass;
			sourceTree = "<group>";
		};
		9A8605E31BEC163100A810A4 /* Views */ = {
			isa = PBXGroup;
			children = (
				9A8605C41BEC155B00A810A4 /* BackgroundView.h */,
				9A8605C51BEC155B00A810A4 /* StatusItemView.h */,
				9A8605BC1BEC14F600A810A4 /* BackgroundView.m */,
				9A8605B81BEC14DC00A810A4 /* StatusItemView.m */,
				9AB935791C1AD8F7001285A0 /* CLRatingCellView.h */,
				9AB9357A1C1AD8F7001285A0 /* CLRatingCellView.m */,
			);
			name = Views;
			sourceTree = "<group>";
		};
		9A8605E41BEC164C00A810A4 /* Main */ = {
			isa = PBXGroup;
			children = (
				9A8605C31BEC155B00A810A4 /* Clocker-Info.plist */,
				9A8605CC1BEC155B00A810A4 /* Clocker-Prefix.pch */,
				9A8605AD1BEC148400A810A4 /* main.m */,
			);
			name = Main;
			sourceTree = "<group>";
		};
		9A8605E51BEC165400A810A4 /* Controllers */ = {
			isa = PBXGroup;
			children = (
				9A20A0751C4EA53600FB45AB /* CLOnboardingWindowController.h */,
				9A20A0761C4EA53600FB45AB /* CLOnboardingWindowController.m */,
				9A9E63831C2C673E009A299B /* CLAppFeedbackWindowController.h */,
				9A9E63841C2C673E009A299B /* CLAppFeedbackWindowController.m */,
				9A5951BE1C1D0AA0009C17AA /* CLOneWindowController.m */,
				9A5951BF1C1D0AA0009C17AA /* CLOneWindowController.h */,
				9A8605CA1BEC155B00A810A4 /* ApplicationDelegate.h */,
				9A8605B51BEC14BE00A810A4 /* ApplicationDelegate.m */,
				9A8605C91BEC155B00A810A4 /* MenubarController.h */,
				9A8605B41BEC14BE00A810A4 /* MenubarController.m */,
				9A8605C81BEC155B00A810A4 /* PanelController.h */,
				9A8605B91BEC14DC00A810A4 /* PanelController.m */,
			);
			name = Controllers;
			sourceTree = "<group>";
		};
		9A86E2B61CE04F1600547EE7 /* Products */ = {
			isa = PBXGroup;
			children = (
				9A86E2BC1CE04F1600547EE7 /* ShortcutRecorder.framework */,
				9A86E2BE1CE04F1600547EE7 /* PTHotKey.framework */,
				9A86E2C01CE04F1600547EE7 /* Demo.app */,
			);
			name = Products;
			sourceTree = "<group>";
		};
		9A87DA4F1C358F8200A8CF3B /* Date Tools */ = {
			isa = PBXGroup;
			children = (
				9A87DAB41C358FA800A8CF3B /* DateTools.bundle */,
				9A87DAB51C358FA800A8CF3B /* DateTools.h */,
				9A87DAB61C358FA800A8CF3B /* DTConstants.h */,
				9A87DAB71C358FA800A8CF3B /* DTConstants.m */,
				9A87DAB81C358FA800A8CF3B /* DTError.h */,
				9A87DAB91C358FA800A8CF3B /* DTError.m */,
				9A87DABA1C358FA800A8CF3B /* DTTimePeriod.h */,
				9A87DABB1C358FA800A8CF3B /* DTTimePeriod.m */,
				9A87DABC1C358FA800A8CF3B /* DTTimePeriodChain.h */,
				9A87DABD1C358FA800A8CF3B /* DTTimePeriodChain.m */,
				9A87DABE1C358FA800A8CF3B /* DTTimePeriodCollection.h */,
				9A87DABF1C358FA800A8CF3B /* DTTimePeriodCollection.m */,
				9A87DAC01C358FA800A8CF3B /* DTTimePeriodGroup.h */,
				9A87DAC11C358FA800A8CF3B /* DTTimePeriodGroup.m */,
				9A87DAC21C358FA800A8CF3B /* NSDate+DateTools.h */,
				9A87DAC31C358FA800A8CF3B /* NSDate+DateTools.m */,
			);
			name = "Date Tools";
			sourceTree = "<group>";
		};
		9AA4AC851CEC0EE40054ACB7 /* Onboarding Animated Views */ = {
			isa = PBXGroup;
			children = (
				9AA4AC901CEC112E0054ACB7 /* QCMethod.m */,
				9AA4AC8F1CEC11270054ACB7 /* QCMethod.h */,
				9AA4AC861CEC0FA60054ACB7 /* FloatingView.h */,
				9AA4AC871CEC0FA60054ACB7 /* FloatingView.m */,
				9AA4AC881CEC0FA60054ACB7 /* CLShortcutAnimatedView.h */,
				9AA4AC891CEC0FA60054ACB7 /* CLShortcutAnimatedView.m */,
				9AA4AC8A1CEC0FA60054ACB7 /* CLFavouriteAnimatedView.h */,
				9AA4AC8B1CEC0FA60054ACB7 /* CLFavouriteAnimatedView.m */,
			);
			name = "Onboarding Animated Views";
			sourceTree = "<group>";
		};
		9ABF586F1C29A7EB00BD0187 /* Model */ = {
			isa = PBXGroup;
			children = (
				9ABF58701C29A80600BD0187 /* CLTimezoneData.h */,
				9ABF58711C29A80600BD0187 /* CLTimezoneData.m */,
			);
			name = Model;
			sourceTree = "<group>";
		};
		9AF9A1681C250AA300EE7C2A /* Reachability */ = {
			isa = PBXGroup;
			children = (
				9AF9A1691C250AB300EE7C2A /* Reachability.h */,
				9AF9A16A1C250AB300EE7C2A /* Reachability.m */,
			);
			name = Reachability;
			sourceTree = "<group>";
		};
		DD4F7BF913C30F9F00825C6E = {
			isa = PBXGroup;
			children = (
				9AA4AC851CEC0EE40054ACB7 /* Onboarding Animated Views */,
				9AB89E021CE97A4900EC8EB1 /* Media.xcassets */,
				9A86E2B51CE04F1600547EE7 /* ShortcutRecorder.xcodeproj */,
				9A5E6B9C1CAF7174006E7C5C /* Firebase */,
				9A87DA4F1C358F8200A8CF3B /* Date Tools */,
				9ABF586F1C29A7EB00BD0187 /* Model */,
				9AF9A1681C250AA300EE7C2A /* Reachability */,
				9A5B1A8D1BECDFB700A77C68 /* Clocker.entitlements */,
				9A2000C61BFBCEF6002BFDE8 /* Utilties */,
				9A8605E01BEC15F400A810A4 /* XIB */,
				9A5951F01C1D3D35009C17AA /* Table Cell Views */,
				9A8605E31BEC163100A810A4 /* Views */,
				9A8605E41BEC164C00A810A4 /* Main */,
				9A5951C31C1D0DE3009C17AA /* View Controllers */,
				9A8605E51BEC165400A810A4 /* Controllers */,
				9A8605E21BEC161300A810A4 /* Superclass */,
				DD4F7C0713C30F9F00825C6E /* Frameworks */,
				9A5951FB1C1D5222009C17AA /* Check for Updated Version */,
				DD4F7C0513C30F9F00825C6E /* Products */,
				9A25F7481C1A5E21007D369B /* Rate */,
				9A82F32B1CDFF8CE00CC8906 /* pop.xcodeproj */,
				9A20A0691C4E801500FB45AB /* Clocker-Helper.xcodeproj */,
			);
			sourceTree = "<group>";
		};
		DD4F7C0513C30F9F00825C6E /* Products */ = {
			isa = PBXGroup;
			children = (
				DD4F7C0413C30F9F00825C6E /* Clocker.app */,
			);
			name = Products;
			sourceTree = "<group>";
		};
		DD4F7C0713C30F9F00825C6E /* Frameworks */ = {
			isa = PBXGroup;
			children = (
				9A6D93361CF3E82F005A8690 /* CoreImage.framework */,
				9A5E6B9F1CAF71C1006E7C5C /* libicucore.tbd */,
				9ABFB37F1CA6882000E10745 /* ApplicationServices.framework */,
				9A20A06F1C4E804D00FB45AB /* ServiceManagement.framework */,
				9A20A04A1C4DEED200FB45AB /* IOKit.framework */,
				9A9E876B1C1FEDE700A7A2DF /* libsqlite3.tbd */,
				9A9E87691C1FEDDB00A7A2DF /* SystemConfiguration.framework */,
				9A9E87671C1FEDD300A7A2DF /* Security.framework */,
				9A9E87651C1FEDC500A7A2DF /* CoreLocation.framework */,
				9A9E87631C1FEDBD00A7A2DF /* CoreGraphics.framework */,
				9A9E87611C1FEDB500A7A2DF /* CFNetwork.framework */,
				9A5951D11C1D1D94009C17AA /* ApptentiveConnect.framework */,
				9A5951B91C1D0A22009C17AA /* Crashlytics.framework */,
				9AC678E31C1ABAB9003B4F6B /* QuartzCore.framework */,
				9A4379211BEC223900F4E27F /* Security.framework */,
				9A4379231BEC223900F4E27F /* Fabric.framework */,
				9A43792B1BEC231100F4E27F /* libz.tbd */,
				9A4379291BEC230A00F4E27F /* libc++.tbd */,
				DD4F7C0B13C30F9F00825C6E /* AppKit.framework */,
				DD4F7C0813C30F9F00825C6E /* Cocoa.framework */,
			);
			name = Frameworks;
			sourceTree = "<group>";
		};
/* End PBXGroup section */

/* Begin PBXNativeTarget section */
		DD4F7C0313C30F9F00825C6E /* Clocker */ = {
			isa = PBXNativeTarget;
			buildConfigurationList = DD4F7C2213C30F9F00825C6E /* Build configuration list for PBXNativeTarget "Clocker" */;
			buildPhases = (
				DD4F7C0013C30F9F00825C6E /* Sources */,
				DD4F7C0113C30F9F00825C6E /* Frameworks */,
				DD4F7C0213C30F9F00825C6E /* Resources */,
				9A4379201BEC220200F4E27F /* ShellScript */,
				9A20A0711C4E808500FB45AB /* CopyFiles */,
				9A86E2C31CE04F7100547EE7 /* CopyFiles */,
			);
			buildRules = (
			);
			dependencies = (
			);
			name = Clocker;
			productName = Popup;
			productReference = DD4F7C0413C30F9F00825C6E /* Clocker.app */;
			productType = "com.apple.product-type.application";
		};
/* End PBXNativeTarget section */

/* Begin PBXProject section */
		DD4F7BFB13C30F9F00825C6E /* Project object */ = {
			isa = PBXProject;
			attributes = {
				CLASSPREFIX = CL;
				LastSwiftUpdateCheck = 0720;
				LastUpgradeCheck = 0700;
				TargetAttributes = {
					DD4F7C0313C30F9F00825C6E = {
						DevelopmentTeam = AJS5SNW8EY;
						SystemCapabilities = {
							com.apple.ApplicationGroups.Mac = {
								enabled = 0;
							};
							com.apple.Sandbox = {
								enabled = 1;
							};
						};
					};
				};
			};
			buildConfigurationList = DD4F7BFE13C30F9F00825C6E /* Build configuration list for PBXProject "Clocker" */;
			compatibilityVersion = "Xcode 3.2";
			developmentRegion = English;
			hasScannedForEncodings = 0;
			knownRegions = (
				en,
				ja,
				"zh-Hans",
				"zh-Hant",
			);
			mainGroup = DD4F7BF913C30F9F00825C6E;
			productRefGroup = DD4F7C0513C30F9F00825C6E /* Products */;
			projectDirPath = "";
			projectReferences = (
				{
					ProductGroup = 9A20A06A1C4E801500FB45AB /* Products */;
					ProjectRef = 9A20A0691C4E801500FB45AB /* Clocker-Helper.xcodeproj */;
				},
				{
					ProductGroup = 9A82F32C1CDFF8CE00CC8906 /* Products */;
					ProjectRef = 9A82F32B1CDFF8CE00CC8906 /* pop.xcodeproj */;
				},
				{
					ProductGroup = 9A86E2B61CE04F1600547EE7 /* Products */;
					ProjectRef = 9A86E2B51CE04F1600547EE7 /* ShortcutRecorder.xcodeproj */;
				},
			);
			projectRoot = "";
			targets = (
				DD4F7C0313C30F9F00825C6E /* Clocker */,
			);
		};
/* End PBXProject section */

/* Begin PBXReferenceProxy section */
		9A20A06E1C4E801600FB45AB /* Clocker-Helper.app */ = {
			isa = PBXReferenceProxy;
			fileType = wrapper.application;
			path = "Clocker-Helper.app";
			remoteRef = 9A20A06D1C4E801600FB45AB /* PBXContainerItemProxy */;
			sourceTree = BUILT_PRODUCTS_DIR;
		};
		9A82F3371CDFF8CF00CC8906 /* libpop.a */ = {
			isa = PBXReferenceProxy;
			fileType = archive.ar;
			path = libpop.a;
			remoteRef = 9A82F3361CDFF8CF00CC8906 /* PBXContainerItemProxy */;
			sourceTree = BUILT_PRODUCTS_DIR;
		};
		9A82F3391CDFF8CF00CC8906 /* pop.framework */ = {
			isa = PBXReferenceProxy;
			fileType = wrapper.framework;
			path = pop.framework;
			remoteRef = 9A82F3381CDFF8CF00CC8906 /* PBXContainerItemProxy */;
			sourceTree = BUILT_PRODUCTS_DIR;
		};
		9A82F33B1CDFF8CF00CC8906 /* pop.framework */ = {
			isa = PBXReferenceProxy;
			fileType = wrapper.framework;
			path = pop.framework;
			remoteRef = 9A82F33A1CDFF8CF00CC8906 /* PBXContainerItemProxy */;
			sourceTree = BUILT_PRODUCTS_DIR;
		};
		9A82F33D1CDFF8CF00CC8906 /* pop.framework */ = {
			isa = PBXReferenceProxy;
			fileType = wrapper.framework;
			path = pop.framework;
			remoteRef = 9A82F33C1CDFF8CF00CC8906 /* PBXContainerItemProxy */;
			sourceTree = BUILT_PRODUCTS_DIR;
		};
		9A82F33F1CDFF8CF00CC8906 /* pop-tests.xctest */ = {
			isa = PBXReferenceProxy;
			fileType = wrapper.cfbundle;
			path = "pop-tests.xctest";
			remoteRef = 9A82F33E1CDFF8CF00CC8906 /* PBXContainerItemProxy */;
			sourceTree = BUILT_PRODUCTS_DIR;
		};
		9A82F3411CDFF8CF00CC8906 /* pop-tests.xctest */ = {
			isa = PBXReferenceProxy;
			fileType = wrapper.cfbundle;
			path = "pop-tests.xctest";
			remoteRef = 9A82F3401CDFF8CF00CC8906 /* PBXContainerItemProxy */;
			sourceTree = BUILT_PRODUCTS_DIR;
		};
		9A82F3431CDFF8CF00CC8906 /* pop-tests.xctest */ = {
			isa = PBXReferenceProxy;
			fileType = wrapper.cfbundle;
			path = "pop-tests.xctest";
			remoteRef = 9A82F3421CDFF8CF00CC8906 /* PBXContainerItemProxy */;
			sourceTree = BUILT_PRODUCTS_DIR;
		};
		9A86E2BC1CE04F1600547EE7 /* ShortcutRecorder.framework */ = {
			isa = PBXReferenceProxy;
			fileType = wrapper.framework;
			path = ShortcutRecorder.framework;
			remoteRef = 9A86E2BB1CE04F1600547EE7 /* PBXContainerItemProxy */;
			sourceTree = BUILT_PRODUCTS_DIR;
		};
		9A86E2BE1CE04F1600547EE7 /* PTHotKey.framework */ = {
			isa = PBXReferenceProxy;
			fileType = wrapper.framework;
			path = PTHotKey.framework;
			remoteRef = 9A86E2BD1CE04F1600547EE7 /* PBXContainerItemProxy */;
			sourceTree = BUILT_PRODUCTS_DIR;
		};
		9A86E2C01CE04F1600547EE7 /* Demo.app */ = {
			isa = PBXReferenceProxy;
			fileType = wrapper.application;
			path = Demo.app;
			remoteRef = 9A86E2BF1CE04F1600547EE7 /* PBXContainerItemProxy */;
			sourceTree = BUILT_PRODUCTS_DIR;
		};
/* End PBXReferenceProxy section */

/* Begin PBXResourcesBuildPhase section */
		DD4F7C0213C30F9F00825C6E /* Resources */ = {
			isa = PBXResourcesBuildPhase;
			buildActionMask = 2147483647;
			files = (
				9A13BAD21CA87DF4007C6CBE /* CLOnboardingWindow.xib in Resources */,
				9A13BAE61CA889BB007C6CBE /* CLAppFeedbackWindow.xib in Resources */,
				9A5951FD1C1D592D009C17AA /* iVersion.bundle in Resources */,
				9A13BAEA1CA88A76007C6CBE /* Localizable.strings in Resources */,
				9A13BAE01CA882FA007C6CBE /* InfoPlist.strings in Resources */,
				9A13BACA1CA877A6007C6CBE /* CLPreferencesView.xib in Resources */,
				9A20A07F1C4EAAEB00FB45AB /* CLIntroView.xib in Resources */,
				9AB89E031CE97A4900EC8EB1 /* Media.xcassets in Resources */,
				9A13BAD61CA87F08007C6CBE /* Panel.xib in Resources */,
				9A5E6BAB1CAF8DFA006E7C5C /* iRate.bundle in Resources */,
				9A13BAC61CA86A88007C6CBE /* CLAboutUsView.xib in Resources */,
				9A13BACE1CA879E5007C6CBE /* CLAppearanceView.xib in Resources */,
				9A13BADA1CA87F3F007C6CBE /* CLOneWindow.xib in Resources */,
				9A56DB801C1CFB73004CE6AF /* MainMenu.xib in Resources */,
				9AB2420B1CB723650017C17C /* CLFloatingWindow.xib in Resources */,
				9A87DAC41C358FA800A8CF3B /* DateTools.bundle in Resources */,
			);
			runOnlyForDeploymentPostprocessing = 0;
		};
/* End PBXResourcesBuildPhase section */

/* Begin PBXShellScriptBuildPhase section */
		9A4379201BEC220200F4E27F /* ShellScript */ = {
			isa = PBXShellScriptBuildPhase;
			buildActionMask = 2147483647;
			files = (
			);
			inputPaths = (
			);
			outputPaths = (
			);
			runOnlyForDeploymentPostprocessing = 0;
			shellPath = /bin/sh;
			shellScript = "";
			showEnvVarsInLog = 0;
		};
/* End PBXShellScriptBuildPhase section */

/* Begin PBXSourcesBuildPhase section */
		DD4F7C0013C30F9F00825C6E /* Sources */ = {
			isa = PBXSourcesBuildPhase;
			buildActionMask = 2147483647;
			files = (
				9A8605BF1BEC14F600A810A4 /* BackgroundView.m in Sources */,
				9A79E9901CB34B6800BA7916 /* CLParentPanelController.m in Sources */,
				9A87DAC51C358FA800A8CF3B /* DTConstants.m in Sources */,
				9AB9357B1C1AD8F7001285A0 /* CLRatingCellView.m in Sources */,
				9A63620A1C432F68004AD010 /* CLAPI.m in Sources */,
				9A87DAC81C358FA800A8CF3B /* DTTimePeriodChain.m in Sources */,
				9A87DAC71C358FA800A8CF3B /* DTTimePeriod.m in Sources */,
				9A3247321C25FD3A00CF6B6E /* CLCustomSliderCell.m in Sources */,
				9AA4AC8C1CEC0FA60054ACB7 /* FloatingView.m in Sources */,
				9A392EED1C1CE9950072C10A /* CLPreferencesViewController.m in Sources */,
				9A5951BD1C1D0A8D009C17AA /* CommonStrings.m in Sources */,
				9A5951FA1C1D5214009C17AA /* iVersion.m in Sources */,
				9A87DAC61C358FA800A8CF3B /* DTError.m in Sources */,
				9A20A0781C4EA53600FB45AB /* CLOnboardingWindowController.m in Sources */,
				9AA4AC8D1CEC0FA60054ACB7 /* CLShortcutAnimatedView.m in Sources */,
				9A87DACA1C358FA800A8CF3B /* DTTimePeriodGroup.m in Sources */,
				9AA4AC8E1CEC0FA60054ACB7 /* CLFavouriteAnimatedView.m in Sources */,
				9A25F7471C1A5E17007D369B /* iRate.m in Sources */,
				9A8605C01BEC14F600A810A4 /* Panel.m in Sources */,
				9A8605BA1BEC14DC00A810A4 /* StatusItemView.m in Sources */,
				9A87DAC91C358FA800A8CF3B /* DTTimePeriodCollection.m in Sources */,
				9A3247391C263F4F00CF6B6E /* CLAppearanceViewController.m in Sources */,
				9A86E2B41CE0351C00547EE7 /* EDSunriseSet.m in Sources */,
				9ABA2B031C671D49009DC0EF /* CLMainWindowController.m in Sources */,
				9A9E63861C2C673E009A299B /* CLAppFeedbackWindowController.m in Sources */,
				9AA4AC911CEC112E0054ACB7 /* QCMethod.m in Sources */,
				9A8605BB1BEC14DC00A810A4 /* PanelController.m in Sources */,
				9A8605B61BEC14BE00A810A4 /* MenubarController.m in Sources */,
				9A42394F1CB0616400A8E51A /* CLFloatingWindowController.m in Sources */,
				9A10C68F1CDAC8B500D474F1 /* CLPanelTextField.m in Sources */,
				9A5951C01C1D0AA0009C17AA /* CLOneWindowController.m in Sources */,
				9A20A07E1C4EAAEB00FB45AB /* CLIntroViewController.m in Sources */,
				9A8605B71BEC14BE00A810A4 /* ApplicationDelegate.m in Sources */,
				9A10C6881CDAAB3000D474F1 /* CLPausableTimer.m in Sources */,
				9AD6DE571CE114DA007A8401 /* CLScaleUpButton.m in Sources */,
				9A5951F51C1D3D81009C17AA /* CLTimezoneCellView.m in Sources */,
				9ABF58721C29A80600BD0187 /* CLTimezoneData.m in Sources */,
				9A8605AE1BEC148400A810A4 /* main.m in Sources */,
				9A392EE81C1CDD530072C10A /* CLAboutUsViewController.m in Sources */,
				9A87DACB1C358FA800A8CF3B /* NSDate+DateTools.m in Sources */,
				9AF9A16B1C250AB300EE7C2A /* Reachability.m in Sources */,
			);
			runOnlyForDeploymentPostprocessing = 0;
		};
/* End PBXSourcesBuildPhase section */

/* Begin PBXVariantGroup section */
		9A13BAC81CA86A88007C6CBE /* CLAboutUsView.xib */ = {
			isa = PBXVariantGroup;
			children = (
				9A13BAC71CA86A88007C6CBE /* en */,
				9A13BAC91CA86AAE007C6CBE /* ja */,
				9A5E6BA51CAF794D006E7C5C /* zh-Hans */,
				9A7654381CDC2291000FB825 /* zh-Hant */,
			);
			name = CLAboutUsView.xib;
			path = Clocker/AboutUsWindow;
			sourceTree = "<group>";
		};
		9A13BACC1CA877A6007C6CBE /* CLPreferencesView.xib */ = {
			isa = PBXVariantGroup;
			children = (
				9A13BACB1CA877A6007C6CBE /* en */,
				9A13BACD1CA877A8007C6CBE /* ja */,
				9A5E6BA61CAF794D006E7C5C /* zh-Hans */,
				9A7654391CDC2291000FB825 /* zh-Hant */,
			);
			name = CLPreferencesView.xib;
			path = Clocker/Preferences;
			sourceTree = "<group>";
		};
		9A13BAD01CA879E5007C6CBE /* CLAppearanceView.xib */ = {
			isa = PBXVariantGroup;
			children = (
				9A13BACF1CA879E5007C6CBE /* en */,
				9A13BAD11CA879E8007C6CBE /* ja */,
				9A5E6BA71CAF794D006E7C5C /* zh-Hans */,
				9A76543A1CDC2291000FB825 /* zh-Hant */,
			);
			name = CLAppearanceView.xib;
			path = "Clocker/Appearance Tab";
			sourceTree = "<group>";
		};
		9A13BAD41CA87DF4007C6CBE /* CLOnboardingWindow.xib */ = {
			isa = PBXVariantGroup;
			children = (
				9A13BAD31CA87DF4007C6CBE /* en */,
				9A13BAD51CA87DF5007C6CBE /* ja */,
				9A5E6BA91CAF794D006E7C5C /* zh-Hans */,
				9A76543C1CDC2291000FB825 /* zh-Hant */,
			);
			name = CLOnboardingWindow.xib;
			path = Clocker/Onboarding;
			sourceTree = "<group>";
		};
		9A13BAD81CA87F08007C6CBE /* Panel.xib */ = {
			isa = PBXVariantGroup;
			children = (
				9A13BAD71CA87F08007C6CBE /* en */,
				9A13BAD91CA87F09007C6CBE /* ja */,
				9A5E6BA41CAF794D006E7C5C /* zh-Hans */,
				9A7654371CDC2291000FB825 /* zh-Hant */,
			);
			name = Panel.xib;
			path = Clocker;
			sourceTree = "<group>";
		};
		9A13BADC1CA87F3F007C6CBE /* CLOneWindow.xib */ = {
			isa = PBXVariantGroup;
			children = (
				9A13BADB1CA87F3F007C6CBE /* en */,
				9A13BADD1CA87F40007C6CBE /* ja */,
				9A5E6BA31CAF794D006E7C5C /* zh-Hans */,
				9A7654361CDC2290000FB825 /* zh-Hant */,
			);
			name = CLOneWindow.xib;
			path = Clocker/CLOneWindow;
			sourceTree = "<group>";
		};
		9A13BAE21CA882FA007C6CBE /* InfoPlist.strings */ = {
			isa = PBXVariantGroup;
			children = (
				9A13BAE11CA882FA007C6CBE /* en */,
				9A13BAE31CA882FC007C6CBE /* ja */,
				9A5E6BA11CAF794D006E7C5C /* zh-Hans */,
				9A7654341CDC2290000FB825 /* zh-Hant */,
			);
			name = InfoPlist.strings;
			path = Clocker;
			sourceTree = "<group>";
		};
		9A13BAE81CA889BB007C6CBE /* CLAppFeedbackWindow.xib */ = {
			isa = PBXVariantGroup;
			children = (
				9A13BAE71CA889BB007C6CBE /* en */,
				9A13BAE91CA889BD007C6CBE /* ja */,
				9A5E6BA81CAF794D006E7C5C /* zh-Hans */,
				9A76543B1CDC2291000FB825 /* zh-Hant */,
			);
			name = CLAppFeedbackWindow.xib;
			path = "Clocker/App Feedback";
			sourceTree = "<group>";
		};
		9A13BAEC1CA88A76007C6CBE /* Localizable.strings */ = {
			isa = PBXVariantGroup;
			children = (
				9A13BAEB1CA88A76007C6CBE /* en */,
				9A13BAED1CA88AD3007C6CBE /* ja */,
				9A5E6BA21CAF794D006E7C5C /* zh-Hans */,
				9A7654351CDC2290000FB825 /* zh-Hant */,
			);
			name = Localizable.strings;
			path = Clocker;
			sourceTree = "<group>";
		};
		9AB2420D1CB723650017C17C /* CLFloatingWindow.xib */ = {
			isa = PBXVariantGroup;
			children = (
				9AB2420C1CB723650017C17C /* en */,
				9AB2420F1CB723670017C17C /* ja */,
				9AB242101CB723690017C17C /* zh-Hans */,
				9A76543D1CDC2291000FB825 /* zh-Hant */,
			);
			name = CLFloatingWindow.xib;
			path = "Clocker/Floating Window";
			sourceTree = "<group>";
		};
/* End PBXVariantGroup section */

/* Begin XCBuildConfiguration section */
		9A5B1A8B1BECDB5B00A77C68 /* Distribution */ = {
			isa = XCBuildConfiguration;
			buildSettings = {
				ALWAYS_SEARCH_USER_PATHS = NO;
				CLANG_WARN_BOOL_CONVERSION = YES;
				CLANG_WARN_CONSTANT_CONVERSION = YES;
				CLANG_WARN_EMPTY_BODY = YES;
				CLANG_WARN_ENUM_CONVERSION = YES;
				CLANG_WARN_INT_CONVERSION = YES;
				CLANG_WARN_UNREACHABLE_CODE = YES;
				CLANG_WARN__DUPLICATE_METHOD_MATCH = YES;
				CODE_SIGN_IDENTITY = "";
				COPY_PHASE_STRIP = YES;
				DEBUG_INFORMATION_FORMAT = "dwarf-with-dsym";
				ENABLE_STRICT_OBJC_MSGSEND = YES;
				GCC_C_LANGUAGE_STANDARD = gnu99;
				GCC_ENABLE_OBJC_EXCEPTIONS = YES;
				GCC_NO_COMMON_BLOCKS = YES;
				GCC_VERSION = com.apple.compilers.llvm.clang.1_0;
				GCC_WARN_64_TO_32_BIT_CONVERSION = YES;
				GCC_WARN_ABOUT_MISSING_PROTOTYPES = YES;
				GCC_WARN_ABOUT_RETURN_TYPE = YES;
				GCC_WARN_UNDECLARED_SELECTOR = YES;
				GCC_WARN_UNINITIALIZED_AUTOS = YES;
				GCC_WARN_UNUSED_FUNCTION = YES;
				GCC_WARN_UNUSED_VARIABLE = YES;
				MACOSX_DEPLOYMENT_TARGET = 10.10;
				PROVISIONING_PROFILE = "";
				SDKROOT = macosx;
			};
			name = Distribution;
		};
		9A5B1A8C1BECDB5B00A77C68 /* Distribution */ = {
			isa = XCBuildConfiguration;
			buildSettings = {
				ASSETCATALOG_COMPILER_APPICON_NAME = AppIcon;
				CLANG_ENABLE_MODULES = YES;
				CLANG_ENABLE_OBJC_ARC = YES;
				CODE_SIGN_ENTITLEMENTS = Clocker/Clocker.entitlements;
				CODE_SIGN_IDENTITY = "";
				"CODE_SIGN_IDENTITY[sdk=macosx*]" = "";
				COMBINE_HIDPI_IMAGES = YES;
				COPY_PHASE_STRIP = NO;
				FRAMEWORK_SEARCH_PATHS = (
					"$(inherited)",
					"$(PROJECT_DIR)",
					"$(PROJECT_DIR)/Frameworks",
					"$(PROJECT_DIR)/Clocker/Parse",
				);
				GCC_PRECOMPILE_PREFIX_HEADER = YES;
				GCC_PREFIX_HEADER = "Clocker/Clocker-Prefix.pch";
				INFOPLIST_FILE = "Clocker/Clocker-Info.plist";
				LD_RUNPATH_SEARCH_PATHS = "$(inherited) @executable_path/../Frameworks";
				MACOSX_DEPLOYMENT_TARGET = 10.10;
				OTHER_LDFLAGS = "";
				PRODUCT_BUNDLE_IDENTIFIER = com.abhishek.Clocker;
				PRODUCT_NAME = Clocker;
				PROVISIONING_PROFILE = "";
				SWIFT_OBJC_BRIDGING_HEADER = "Clocker-Bridging-Header.h";
				WRAPPER_EXTENSION = app;
			};
			name = Distribution;
		};
		DD4F7C2013C30F9F00825C6E /* Debug */ = {
			isa = XCBuildConfiguration;
			buildSettings = {
				ALWAYS_SEARCH_USER_PATHS = NO;
				CLANG_WARN_BOOL_CONVERSION = YES;
				CLANG_WARN_CONSTANT_CONVERSION = YES;
				CLANG_WARN_EMPTY_BODY = YES;
				CLANG_WARN_ENUM_CONVERSION = YES;
				CLANG_WARN_INT_CONVERSION = YES;
				CLANG_WARN_UNREACHABLE_CODE = YES;
				CLANG_WARN__DUPLICATE_METHOD_MATCH = YES;
				CODE_SIGN_IDENTITY = "";
				COPY_PHASE_STRIP = NO;
				ENABLE_STRICT_OBJC_MSGSEND = YES;
				ENABLE_TESTABILITY = YES;
				GCC_C_LANGUAGE_STANDARD = gnu99;
				GCC_DYNAMIC_NO_PIC = NO;
				GCC_ENABLE_OBJC_EXCEPTIONS = YES;
				GCC_NO_COMMON_BLOCKS = YES;
				GCC_OPTIMIZATION_LEVEL = 0;
				GCC_PREPROCESSOR_DEFINITIONS = (
					"DEBUG=1",
					"$(inherited)",
				);
				GCC_SYMBOLS_PRIVATE_EXTERN = NO;
				GCC_VERSION = com.apple.compilers.llvm.clang.1_0;
				GCC_WARN_64_TO_32_BIT_CONVERSION = YES;
				GCC_WARN_ABOUT_MISSING_PROTOTYPES = YES;
				GCC_WARN_ABOUT_RETURN_TYPE = YES;
				GCC_WARN_UNDECLARED_SELECTOR = YES;
				GCC_WARN_UNINITIALIZED_AUTOS = YES;
				GCC_WARN_UNUSED_FUNCTION = YES;
				GCC_WARN_UNUSED_VARIABLE = YES;
				MACOSX_DEPLOYMENT_TARGET = 10.10;
				ONLY_ACTIVE_ARCH = YES;
				PROVISIONING_PROFILE = "";
				SDKROOT = macosx;
			};
			name = Debug;
		};
		DD4F7C2113C30F9F00825C6E /* Release */ = {
			isa = XCBuildConfiguration;
			buildSettings = {
				ALWAYS_SEARCH_USER_PATHS = NO;
				CLANG_WARN_BOOL_CONVERSION = YES;
				CLANG_WARN_CONSTANT_CONVERSION = YES;
				CLANG_WARN_EMPTY_BODY = YES;
				CLANG_WARN_ENUM_CONVERSION = YES;
				CLANG_WARN_INT_CONVERSION = YES;
				CLANG_WARN_UNREACHABLE_CODE = YES;
				CLANG_WARN__DUPLICATE_METHOD_MATCH = YES;
				CODE_SIGN_IDENTITY = "";
				COPY_PHASE_STRIP = YES;
				DEBUG_INFORMATION_FORMAT = "dwarf-with-dsym";
				ENABLE_STRICT_OBJC_MSGSEND = YES;
				GCC_C_LANGUAGE_STANDARD = gnu99;
				GCC_ENABLE_OBJC_EXCEPTIONS = YES;
				GCC_NO_COMMON_BLOCKS = YES;
				GCC_VERSION = com.apple.compilers.llvm.clang.1_0;
				GCC_WARN_64_TO_32_BIT_CONVERSION = YES;
				GCC_WARN_ABOUT_MISSING_PROTOTYPES = YES;
				GCC_WARN_ABOUT_RETURN_TYPE = YES;
				GCC_WARN_UNDECLARED_SELECTOR = YES;
				GCC_WARN_UNINITIALIZED_AUTOS = YES;
				GCC_WARN_UNUSED_FUNCTION = YES;
				GCC_WARN_UNUSED_VARIABLE = YES;
				MACOSX_DEPLOYMENT_TARGET = 10.10;
				PROVISIONING_PROFILE = "";
				SDKROOT = macosx;
			};
			name = Release;
		};
		DD4F7C2313C30F9F00825C6E /* Debug */ = {
			isa = XCBuildConfiguration;
			buildSettings = {
				ASSETCATALOG_COMPILER_APPICON_NAME = AppIcon;
				CLANG_ENABLE_MODULES = YES;
				CLANG_ENABLE_OBJC_ARC = YES;
				CODE_SIGN_ENTITLEMENTS = Clocker/Clocker.entitlements;
				CODE_SIGN_IDENTITY = "";
				"CODE_SIGN_IDENTITY[sdk=macosx*]" = "";
				COMBINE_HIDPI_IMAGES = YES;
				COPY_PHASE_STRIP = NO;
				DEBUG_INFORMATION_FORMAT = "dwarf-with-dsym";
				FRAMEWORK_SEARCH_PATHS = (
					"$(inherited)",
					"$(PROJECT_DIR)",
					"$(PROJECT_DIR)/Frameworks",
					"$(PROJECT_DIR)/Clocker/Parse",
				);
				GCC_PRECOMPILE_PREFIX_HEADER = YES;
				GCC_PREFIX_HEADER = "Clocker/Clocker-Prefix.pch";
				INFOPLIST_FILE = "Clocker/Clocker-Info.plist";
				LD_RUNPATH_SEARCH_PATHS = "$(inherited) @executable_path/../Frameworks";
				MACOSX_DEPLOYMENT_TARGET = 10.10;
				ONLY_ACTIVE_ARCH = NO;
				OTHER_LDFLAGS = "";
				PRODUCT_BUNDLE_IDENTIFIER = com.abhishek.Clocker;
				PRODUCT_NAME = Clocker;
				PROVISIONING_PROFILE = "";
				SWIFT_OBJC_BRIDGING_HEADER = "Clocker-Bridging-Header.h";
				SWIFT_OPTIMIZATION_LEVEL = "-Onone";
				WRAPPER_EXTENSION = app;
			};
			name = Debug;
		};
		DD4F7C2413C30F9F00825C6E /* Release */ = {
			isa = XCBuildConfiguration;
			buildSettings = {
				ASSETCATALOG_COMPILER_APPICON_NAME = AppIcon;
				CLANG_ENABLE_MODULES = YES;
				CLANG_ENABLE_OBJC_ARC = YES;
				CODE_SIGN_ENTITLEMENTS = Clocker/Clocker.entitlements;
				CODE_SIGN_IDENTITY = "";
				"CODE_SIGN_IDENTITY[sdk=macosx*]" = "";
				COMBINE_HIDPI_IMAGES = YES;
				COPY_PHASE_STRIP = NO;
				FRAMEWORK_SEARCH_PATHS = (
					"$(inherited)",
					"$(PROJECT_DIR)",
					"$(PROJECT_DIR)/Frameworks",
					"$(PROJECT_DIR)/Clocker/Parse",
				);
				GCC_PRECOMPILE_PREFIX_HEADER = YES;
				GCC_PREFIX_HEADER = "Clocker/Clocker-Prefix.pch";
				INFOPLIST_FILE = "Clocker/Clocker-Info.plist";
				LD_RUNPATH_SEARCH_PATHS = "$(inherited) @executable_path/../Frameworks";
				MACOSX_DEPLOYMENT_TARGET = 10.10;
				OTHER_LDFLAGS = "";
				PRODUCT_BUNDLE_IDENTIFIER = com.abhishek.Clocker;
				PRODUCT_NAME = Clocker;
				PROVISIONING_PROFILE = "";
				SWIFT_OBJC_BRIDGING_HEADER = "Clocker-Bridging-Header.h";
				WRAPPER_EXTENSION = app;
			};
			name = Release;
		};
/* End XCBuildConfiguration section */

/* Begin XCConfigurationList section */
		DD4F7BFE13C30F9F00825C6E /* Build configuration list for PBXProject "Clocker" */ = {
			isa = XCConfigurationList;
			buildConfigurations = (
				DD4F7C2013C30F9F00825C6E /* Debug */,
				DD4F7C2113C30F9F00825C6E /* Release */,
				9A5B1A8B1BECDB5B00A77C68 /* Distribution */,
			);
			defaultConfigurationIsVisible = 0;
			defaultConfigurationName = Debug;
		};
		DD4F7C2213C30F9F00825C6E /* Build configuration list for PBXNativeTarget "Clocker" */ = {
			isa = XCConfigurationList;
			buildConfigurations = (
				DD4F7C2313C30F9F00825C6E /* Debug */,
				DD4F7C2413C30F9F00825C6E /* Release */,
				9A5B1A8C1BECDB5B00A77C68 /* Distribution */,
			);
			defaultConfigurationIsVisible = 0;
			defaultConfigurationName = Debug;
		};
/* End XCConfigurationList section */
	};
	rootObject = DD4F7BFB13C30F9F00825C6E /* Project object */;
}
